// !$*UTF8*$!
{
	archiveVersion = 1;
	classes = {
	};
	objectVersion = 46;
	objects = {

/* Begin PBXBuildFile section */
		BC139A4D17264DE500FAB313 /* Default.png in Resources */ = {isa = PBXBuildFile; fileRef = BC139A4B17264DE500FAB313 /* Default.png */; };
		BC139A4E17264DE500FAB313 /* Default@2x.png in Resources */ = {isa = PBXBuildFile; fileRef = BC139A4C17264DE500FAB313 /* Default@2x.png */; };
		BC139A6F172650B000FAB313 /* Empty.htm in Resources */ = {isa = PBXBuildFile; fileRef = BC139A6E172650B000FAB313 /* Empty.htm */; };
		BC139A7317265A8A00FAB313 /* BibleSingletonManager.m in Sources */ = {isa = PBXBuildFile; fileRef = BC139A7217265A8A00FAB313 /* BibleSingletonManager.m */; };
		BC139A7817265AE200FAB313 /* PersistenceDataStore.m in Sources */ = {isa = PBXBuildFile; fileRef = BC139A7517265AE200FAB313 /* PersistenceDataStore.m */; };
		BC139A7917265AE200FAB313 /* Reachability.m in Sources */ = {isa = PBXBuildFile; fileRef = BC139A7717265AE200FAB313 /* Reachability.m */; };
		BC139A7B17265AED00FAB313 /* CFNetwork.framework in Frameworks */ = {isa = PBXBuildFile; fileRef = BC139A7A17265AED00FAB313 /* CFNetwork.framework */; };
		BC139A7D17265B0C00FAB313 /* QuartzCore.framework in Frameworks */ = {isa = PBXBuildFile; fileRef = BC139A7C17265B0C00FAB313 /* QuartzCore.framework */; };
		BC139A7F17265B3600FAB313 /* SystemConfiguration.framework in Frameworks */ = {isa = PBXBuildFile; fileRef = BC139A7E17265B3600FAB313 /* SystemConfiguration.framework */; };
		BC139AA317266ABF00FAB313 /* DBConnectionManager.m in Sources */ = {isa = PBXBuildFile; fileRef = BC139AA217266ABF00FAB313 /* DBConnectionManager.m */; };
		BC139AA617266ADF00FAB313 /* Data.m in Sources */ = {isa = PBXBuildFile; fileRef = BC139AA517266ADF00FAB313 /* Data.m */; };
		BC139AA817266B1D00FAB313 /* libsqlite3.0.dylib in Frameworks */ = {isa = PBXBuildFile; fileRef = BC139AA717266B1D00FAB313 /* libsqlite3.0.dylib */; };
		BC139AAA17266B6200FAB313 /* Bible.Sqlite in Resources */ = {isa = PBXBuildFile; fileRef = BC139AA917266B6200FAB313 /* Bible.Sqlite */; };
		BC139AB51726753300FAB313 /* Icon-72.png in Resources */ = {isa = PBXBuildFile; fileRef = BC139AAB1726753200FAB313 /* Icon-72.png */; };
		BC139AB61726753300FAB313 /* Icon-72@2x.png in Resources */ = {isa = PBXBuildFile; fileRef = BC139AAC1726753300FAB313 /* Icon-72@2x.png */; };
		BC139AB71726753300FAB313 /* Icon-Small-50.png in Resources */ = {isa = PBXBuildFile; fileRef = BC139AAD1726753300FAB313 /* Icon-Small-50.png */; };
		BC139AB81726753300FAB313 /* Icon-Small-50@2x.png in Resources */ = {isa = PBXBuildFile; fileRef = BC139AAE1726753300FAB313 /* Icon-Small-50@2x.png */; };
		BC139AB91726753300FAB313 /* Icon-Small.png in Resources */ = {isa = PBXBuildFile; fileRef = BC139AAF1726753300FAB313 /* Icon-Small.png */; };
		BC139ABA1726753300FAB313 /* Icon-Small@2x.png in Resources */ = {isa = PBXBuildFile; fileRef = BC139AB01726753300FAB313 /* Icon-Small@2x.png */; };
		BC139ABB1726753300FAB313 /* Icon.png in Resources */ = {isa = PBXBuildFile; fileRef = BC139AB11726753300FAB313 /* Icon.png */; };
		BC139ABC1726753300FAB313 /* Icon@2x.png in Resources */ = {isa = PBXBuildFile; fileRef = BC139AB21726753300FAB313 /* Icon@2x.png */; };
		BC139ABD1726753300FAB313 /* iTunesArtwork.png in Resources */ = {isa = PBXBuildFile; fileRef = BC139AB31726753300FAB313 /* iTunesArtwork.png */; };
		BC139ABE1726753300FAB313 /* iTunesArtwork@2x.png in Resources */ = {isa = PBXBuildFile; fileRef = BC139AB41726753300FAB313 /* iTunesArtwork@2x.png */; };
		BC139AC01726755300FAB313 /* Icon-72.png in Resources */ = {isa = PBXBuildFile; fileRef = BC139ABF1726755300FAB313 /* Icon-72.png */; };
		BC139AC21726756C00FAB313 /* Icon-72@2x.png in Resources */ = {isa = PBXBuildFile; fileRef = BC139AC11726756B00FAB313 /* Icon-72@2x.png */; };
		BC1941DD171EB6AF002FF0E0 /* PageViewController.m in Sources */ = {isa = PBXBuildFile; fileRef = BC1941DC171EB6AF002FF0E0 /* PageViewController.m */; };
		BC1941E7171EBC1A002FF0E0 /* ModelController.m in Sources */ = {isa = PBXBuildFile; fileRef = BC1941E4171EBC1A002FF0E0 /* ModelController.m */; };
		BC1941E9171EBC49002FF0E0 /* RootViewController.m in Sources */ = {isa = PBXBuildFile; fileRef = BC1941E8171EBC49002FF0E0 /* RootViewController.m */; };
		BC7FC1C0172964F60075B2D3 /* AGaramond-Italic.otf in Resources */ = {isa = PBXBuildFile; fileRef = BC7FC15A172964F60075B2D3 /* AGaramond-Italic.otf */; };
		BC7FC1C1172964F60075B2D3 /* american_typewriter.ttf in Resources */ = {isa = PBXBuildFile; fileRef = BC7FC15B172964F60075B2D3 /* american_typewriter.ttf */; };
		BC7FC1C2172964F60075B2D3 /* AmericanTypewriter.otf in Resources */ = {isa = PBXBuildFile; fileRef = BC7FC15C172964F60075B2D3 /* AmericanTypewriter.otf */; };
		BC7FC1C3172964F60075B2D3 /* PastedGraphic-1.tiff in Resources */ = {isa = PBXBuildFile; fileRef = BC7FC15D172964F60075B2D3 /* PastedGraphic-1.tiff */; };
		BC7FC1C4172964F60075B2D3 /* Audio_icon.png in Resources */ = {isa = PBXBuildFile; fileRef = BC7FC15F172964F60075B2D3 /* Audio_icon.png */; };
		BC7FC1C5172964F60075B2D3 /* BBret 23.jpg in Resources */ = {isa = PBXBuildFile; fileRef = BC7FC160172964F60075B2D3 /* BBret 23.jpg */; };
		BC7FC1C6172964F60075B2D3 /* BBret 24.jpg in Resources */ = {isa = PBXBuildFile; fileRef = BC7FC161172964F60075B2D3 /* BBret 24.jpg */; };
		BC7FC1C7172964F60075B2D3 /* BBret 25.jpg in Resources */ = {isa = PBXBuildFile; fileRef = BC7FC162172964F60075B2D3 /* BBret 25.jpg */; };
		BC7FC1C8172964F60075B2D3 /* BBret 26.jpg in Resources */ = {isa = PBXBuildFile; fileRef = BC7FC163172964F60075B2D3 /* BBret 26.jpg */; };
		BC7FC1C9172964F60075B2D3 /* BBret 27.jpg in Resources */ = {isa = PBXBuildFile; fileRef = BC7FC164172964F60075B2D3 /* BBret 27.jpg */; };
		BC7FC1CA172964F60075B2D3 /* BBret 28.jpg in Resources */ = {isa = PBXBuildFile; fileRef = BC7FC165172964F60075B2D3 /* BBret 28.jpg */; };
		BC7FC1CB172964F60075B2D3 /* BBret 29.jpg in Resources */ = {isa = PBXBuildFile; fileRef = BC7FC166172964F60075B2D3 /* BBret 29.jpg */; };
		BC7FC1CC172964F60075B2D3 /* BBret 30.jpg in Resources */ = {isa = PBXBuildFile; fileRef = BC7FC167172964F60075B2D3 /* BBret 30.jpg */; };
		BC7FC1CD172964F60075B2D3 /* BBret 31.jpg in Resources */ = {isa = PBXBuildFile; fileRef = BC7FC168172964F60075B2D3 /* BBret 31.jpg */; };
		BC7FC1CE172964F60075B2D3 /* BBret 32.jpg in Resources */ = {isa = PBXBuildFile; fileRef = BC7FC169172964F60075B2D3 /* BBret 32.jpg */; };
		BC7FC1CF172964F60075B2D3 /* BBret 33.jpg in Resources */ = {isa = PBXBuildFile; fileRef = BC7FC16A172964F60075B2D3 /* BBret 33.jpg */; };
		BC7FC1D0172964F60075B2D3 /* BBret 34.jpg in Resources */ = {isa = PBXBuildFile; fileRef = BC7FC16B172964F60075B2D3 /* BBret 34.jpg */; };
		BC7FC1D1172964F60075B2D3 /* BBret 35.jpg in Resources */ = {isa = PBXBuildFile; fileRef = BC7FC16C172964F60075B2D3 /* BBret 35.jpg */; };
		BC7FC1D2172964F60075B2D3 /* BBret 36.jpg in Resources */ = {isa = PBXBuildFile; fileRef = BC7FC16D172964F60075B2D3 /* BBret 36.jpg */; };
		BC7FC1D3172964F60075B2D3 /* BBret 37.jpg in Resources */ = {isa = PBXBuildFile; fileRef = BC7FC16E172964F60075B2D3 /* BBret 37.jpg */; };
		BC7FC1D4172964F60075B2D3 /* BBret 38.jpg in Resources */ = {isa = PBXBuildFile; fileRef = BC7FC16F172964F60075B2D3 /* BBret 38.jpg */; };
		BC7FC1D5172964F60075B2D3 /* BBret 39.jpg in Resources */ = {isa = PBXBuildFile; fileRef = BC7FC170172964F60075B2D3 /* BBret 39.jpg */; };
		BC7FC1D6172964F60075B2D3 /* BBret 40.jpg in Resources */ = {isa = PBXBuildFile; fileRef = BC7FC171172964F60075B2D3 /* BBret 40.jpg */; };
		BC7FC1D7172964F60075B2D3 /* BBret 41.jpg in Resources */ = {isa = PBXBuildFile; fileRef = BC7FC172172964F60075B2D3 /* BBret 41.jpg */; };
		BC7FC1D8172964F60075B2D3 /* BBret 42.jpg in Resources */ = {isa = PBXBuildFile; fileRef = BC7FC173172964F60075B2D3 /* BBret 42.jpg */; };
		BC7FC1D9172964F60075B2D3 /* BBret 43.jpg in Resources */ = {isa = PBXBuildFile; fileRef = BC7FC174172964F60075B2D3 /* BBret 43.jpg */; };
		BC7FC1DA172964F60075B2D3 /* BBret 44.jpg in Resources */ = {isa = PBXBuildFile; fileRef = BC7FC175172964F60075B2D3 /* BBret 44.jpg */; };
		BC7FC1DB172964F60075B2D3 /* BBret 45.jpg in Resources */ = {isa = PBXBuildFile; fileRef = BC7FC176172964F60075B2D3 /* BBret 45.jpg */; };
		BC7FC1DC172964F60075B2D3 /* BBret 46.jpg in Resources */ = {isa = PBXBuildFile; fileRef = BC7FC177172964F60075B2D3 /* BBret 46.jpg */; };
		BC7FC1DD172964F60075B2D3 /* BBret 47.jpg in Resources */ = {isa = PBXBuildFile; fileRef = BC7FC178172964F60075B2D3 /* BBret 47.jpg */; };
		BC7FC1DE172964F60075B2D3 /* BBret 48.jpg in Resources */ = {isa = PBXBuildFile; fileRef = BC7FC179172964F60075B2D3 /* BBret 48.jpg */; };
		BC7FC1DF172964F60075B2D3 /* BBret 49.jpg in Resources */ = {isa = PBXBuildFile; fileRef = BC7FC17A172964F60075B2D3 /* BBret 49.jpg */; };
		BC7FC1E0172964F60075B2D3 /* BBret 50.jpg in Resources */ = {isa = PBXBuildFile; fileRef = BC7FC17B172964F60075B2D3 /* BBret 50.jpg */; };
		BC7FC1E1172964F60075B2D3 /* BBret 51.jpg in Resources */ = {isa = PBXBuildFile; fileRef = BC7FC17C172964F60075B2D3 /* BBret 51.jpg */; };
		BC7FC1E2172964F60075B2D3 /* BBret 52.jpg in Resources */ = {isa = PBXBuildFile; fileRef = BC7FC17D172964F60075B2D3 /* BBret 52.jpg */; };
		BC7FC1E3172964F60075B2D3 /* BBret 53.jpg in Resources */ = {isa = PBXBuildFile; fileRef = BC7FC17E172964F60075B2D3 /* BBret 53.jpg */; };
		BC7FC1E4172964F60075B2D3 /* BBret 54.jpg in Resources */ = {isa = PBXBuildFile; fileRef = BC7FC17F172964F60075B2D3 /* BBret 54.jpg */; };
		BC7FC1E5172964F60075B2D3 /* BBret 55.jpg in Resources */ = {isa = PBXBuildFile; fileRef = BC7FC180172964F60075B2D3 /* BBret 55.jpg */; };
		BC7FC1E6172964F60075B2D3 /* BBret 56.jpg in Resources */ = {isa = PBXBuildFile; fileRef = BC7FC181172964F60075B2D3 /* BBret 56.jpg */; };
		BC7FC1E7172964F60075B2D3 /* BBret 57.jpg in Resources */ = {isa = PBXBuildFile; fileRef = BC7FC182172964F60075B2D3 /* BBret 57.jpg */; };
		BC7FC1E8172964F60075B2D3 /* BBret 58.jpg in Resources */ = {isa = PBXBuildFile; fileRef = BC7FC183172964F60075B2D3 /* BBret 58.jpg */; };
		BC7FC1E9172964F60075B2D3 /* BBret 59.jpg in Resources */ = {isa = PBXBuildFile; fileRef = BC7FC184172964F60075B2D3 /* BBret 59.jpg */; };
		BC7FC1EA172964F60075B2D3 /* BBret 60.jpg in Resources */ = {isa = PBXBuildFile; fileRef = BC7FC185172964F60075B2D3 /* BBret 60.jpg */; };
		BC7FC1EB172964F60075B2D3 /* BBret 61.jpg in Resources */ = {isa = PBXBuildFile; fileRef = BC7FC186172964F60075B2D3 /* BBret 61.jpg */; };
		BC7FC1EC172964F60075B2D3 /* Bbret 62.jpg in Resources */ = {isa = PBXBuildFile; fileRef = BC7FC187172964F60075B2D3 /* Bbret 62.jpg */; };
		BC7FC1ED172964F60075B2D3 /* BBret 63.jpg in Resources */ = {isa = PBXBuildFile; fileRef = BC7FC188172964F60075B2D3 /* BBret 63.jpg */; };
		BC7FC1EE172964F60075B2D3 /* BBret 64.jpg in Resources */ = {isa = PBXBuildFile; fileRef = BC7FC189172964F60075B2D3 /* BBret 64.jpg */; };
		BC7FC1EF172964F60075B2D3 /* BBret 65.jpg in Resources */ = {isa = PBXBuildFile; fileRef = BC7FC18A172964F60075B2D3 /* BBret 65.jpg */; };
		BC7FC1F0172964F60075B2D3 /* BBret 66.jpg in Resources */ = {isa = PBXBuildFile; fileRef = BC7FC18B172964F60075B2D3 /* BBret 66.jpg */; };
		BC7FC1F1172964F60075B2D3 /* BBret 67.jpg in Resources */ = {isa = PBXBuildFile; fileRef = BC7FC18C172964F60075B2D3 /* BBret 67.jpg */; };
		BC7FC1F2172964F60075B2D3 /* BBret 68.jpg in Resources */ = {isa = PBXBuildFile; fileRef = BC7FC18D172964F60075B2D3 /* BBret 68.jpg */; };
		BC7FC1F3172964F60075B2D3 /* BBret 69.jpg in Resources */ = {isa = PBXBuildFile; fileRef = BC7FC18E172964F60075B2D3 /* BBret 69.jpg */; };
		BC7FC1F4172964F60075B2D3 /* BBret 70.jpg in Resources */ = {isa = PBXBuildFile; fileRef = BC7FC18F172964F60075B2D3 /* BBret 70.jpg */; };
		BC7FC1F5172964F60075B2D3 /* BBret 71.jpg in Resources */ = {isa = PBXBuildFile; fileRef = BC7FC190172964F60075B2D3 /* BBret 71.jpg */; };
		BC7FC1F6172964F60075B2D3 /* page_001.jpg in Resources */ = {isa = PBXBuildFile; fileRef = BC7FC191172964F60075B2D3 /* page_001.jpg */; };
		BC7FC1F7172964F60075B2D3 /* page_002.jpg in Resources */ = {isa = PBXBuildFile; fileRef = BC7FC192172964F60075B2D3 /* page_002.jpg */; };
		BC7FC1F8172964F60075B2D3 /* page_003.jpg in Resources */ = {isa = PBXBuildFile; fileRef = BC7FC193172964F60075B2D3 /* page_003.jpg */; };
		BC7FC1F9172964F60075B2D3 /* page_004.jpg in Resources */ = {isa = PBXBuildFile; fileRef = BC7FC194172964F60075B2D3 /* page_004.jpg */; };
		BC7FC1FA172964F60075B2D3 /* page_005.jpg in Resources */ = {isa = PBXBuildFile; fileRef = BC7FC195172964F60075B2D3 /* page_005.jpg */; };
		BC7FC1FB172964F60075B2D3 /* page_006.jpg in Resources */ = {isa = PBXBuildFile; fileRef = BC7FC196172964F60075B2D3 /* page_006.jpg */; };
		BC7FC1FC172964F60075B2D3 /* page_007.jpg in Resources */ = {isa = PBXBuildFile; fileRef = BC7FC197172964F60075B2D3 /* page_007.jpg */; };
		BC7FC1FD172964F60075B2D3 /* page_008.jpg in Resources */ = {isa = PBXBuildFile; fileRef = BC7FC198172964F60075B2D3 /* page_008.jpg */; };
		BC7FC1FE172964F60075B2D3 /* page_009.jpg in Resources */ = {isa = PBXBuildFile; fileRef = BC7FC199172964F60075B2D3 /* page_009.jpg */; };
		BC7FC1FF172964F60075B2D3 /* page_010.jpg in Resources */ = {isa = PBXBuildFile; fileRef = BC7FC19A172964F60075B2D3 /* page_010.jpg */; };
		BC7FC200172964F60075B2D3 /* page_011.jpg in Resources */ = {isa = PBXBuildFile; fileRef = BC7FC19B172964F60075B2D3 /* page_011.jpg */; };
		BC7FC201172964F60075B2D3 /* page_012.jpg in Resources */ = {isa = PBXBuildFile; fileRef = BC7FC19C172964F60075B2D3 /* page_012.jpg */; };
		BC7FC202172964F60075B2D3 /* page_013.jpg in Resources */ = {isa = PBXBuildFile; fileRef = BC7FC19D172964F60075B2D3 /* page_013.jpg */; };
		BC7FC203172964F60075B2D3 /* page_014.jpg in Resources */ = {isa = PBXBuildFile; fileRef = BC7FC19E172964F60075B2D3 /* page_014.jpg */; };
		BC7FC204172964F60075B2D3 /* page_015.jpg in Resources */ = {isa = PBXBuildFile; fileRef = BC7FC19F172964F60075B2D3 /* page_015.jpg */; };
		BC7FC205172964F60075B2D3 /* page_016.jpg in Resources */ = {isa = PBXBuildFile; fileRef = BC7FC1A0172964F60075B2D3 /* page_016.jpg */; };
		BC7FC206172964F60075B2D3 /* page_017.jpg in Resources */ = {isa = PBXBuildFile; fileRef = BC7FC1A1172964F60075B2D3 /* page_017.jpg */; };
		BC7FC207172964F60075B2D3 /* page_018.jpg in Resources */ = {isa = PBXBuildFile; fileRef = BC7FC1A2172964F60075B2D3 /* page_018.jpg */; };
		BC7FC208172964F60075B2D3 /* page_019.jpg in Resources */ = {isa = PBXBuildFile; fileRef = BC7FC1A3172964F60075B2D3 /* page_019.jpg */; };
		BC7FC209172964F60075B2D3 /* page_020.jpg in Resources */ = {isa = PBXBuildFile; fileRef = BC7FC1A4172964F60075B2D3 /* page_020.jpg */; };
		BC7FC20A172964F60075B2D3 /* page_021.jpg in Resources */ = {isa = PBXBuildFile; fileRef = BC7FC1A5172964F60075B2D3 /* page_021.jpg */; };
		BC7FC20B172964F60075B2D3 /* page_022.jpg in Resources */ = {isa = PBXBuildFile; fileRef = BC7FC1A6172964F60075B2D3 /* page_022.jpg */; };
		BC7FC20C172964F60075B2D3 /* page_023.jpg in Resources */ = {isa = PBXBuildFile; fileRef = BC7FC1A7172964F60075B2D3 /* page_023.jpg */; };
		BC7FC20D172964F60075B2D3 /* page_024.jpg in Resources */ = {isa = PBXBuildFile; fileRef = BC7FC1A8172964F60075B2D3 /* page_024.jpg */; };
		BC7FC20E172964F60075B2D3 /* page_025.jpg in Resources */ = {isa = PBXBuildFile; fileRef = BC7FC1A9172964F60075B2D3 /* page_025.jpg */; };
		BC7FC20F172964F60075B2D3 /* Ribbon.png in Resources */ = {isa = PBXBuildFile; fileRef = BC7FC1AA172964F60075B2D3 /* Ribbon.png */; };
		BC7FC210172964F60075B2D3 /* Page_001.htm in Resources */ = {isa = PBXBuildFile; fileRef = BC7FC1AB172964F60075B2D3 /* Page_001.htm */; };
		BC7FC211172964F60075B2D3 /* Page_002.htm in Resources */ = {isa = PBXBuildFile; fileRef = BC7FC1AC172964F60075B2D3 /* Page_002.htm */; };
		BC7FC212172964F60075B2D3 /* Page_003.htm in Resources */ = {isa = PBXBuildFile; fileRef = BC7FC1AD172964F60075B2D3 /* Page_003.htm */; };
		BC7FC213172964F60075B2D3 /* Page_004.htm in Resources */ = {isa = PBXBuildFile; fileRef = BC7FC1AE172964F60075B2D3 /* Page_004.htm */; };
		BC7FC214172964F60075B2D3 /* Page_005.htm in Resources */ = {isa = PBXBuildFile; fileRef = BC7FC1AF172964F60075B2D3 /* Page_005.htm */; };
		BC7FC215172964F60075B2D3 /* Page_006.htm in Resources */ = {isa = PBXBuildFile; fileRef = BC7FC1B0172964F60075B2D3 /* Page_006.htm */; };
		BC7FC216172964F60075B2D3 /* Page_007.htm in Resources */ = {isa = PBXBuildFile; fileRef = BC7FC1B1172964F60075B2D3 /* Page_007.htm */; };
		BC7FC217172964F60075B2D3 /* Page_008.htm in Resources */ = {isa = PBXBuildFile; fileRef = BC7FC1B2172964F60075B2D3 /* Page_008.htm */; };
		BC7FC218172964F60075B2D3 /* Page_009.htm in Resources */ = {isa = PBXBuildFile; fileRef = BC7FC1B3172964F60075B2D3 /* Page_009.htm */; };
		BC7FC219172964F60075B2D3 /* Page_010.htm in Resources */ = {isa = PBXBuildFile; fileRef = BC7FC1B4172964F60075B2D3 /* Page_010.htm */; };
		BC7FC21A172964F60075B2D3 /* Page_011.htm in Resources */ = {isa = PBXBuildFile; fileRef = BC7FC1B5172964F60075B2D3 /* Page_011.htm */; };
		BC7FC21B172964F60075B2D3 /* Page_012.htm in Resources */ = {isa = PBXBuildFile; fileRef = BC7FC1B6172964F60075B2D3 /* Page_012.htm */; };
		BC7FC21C172964F60075B2D3 /* Page_013.htm in Resources */ = {isa = PBXBuildFile; fileRef = BC7FC1B7172964F60075B2D3 /* Page_013.htm */; };
		BC7FC21D172964F60075B2D3 /* Page_014.htm in Resources */ = {isa = PBXBuildFile; fileRef = BC7FC1B8172964F60075B2D3 /* Page_014.htm */; };
		BC7FC21E172964F60075B2D3 /* Page_015.htm in Resources */ = {isa = PBXBuildFile; fileRef = BC7FC1B9172964F60075B2D3 /* Page_015.htm */; };
		BC7FC21F172964F60075B2D3 /* Page_016.htm in Resources */ = {isa = PBXBuildFile; fileRef = BC7FC1BA172964F60075B2D3 /* Page_016.htm */; };
		BC7FC220172964F60075B2D3 /* Page_017.htm in Resources */ = {isa = PBXBuildFile; fileRef = BC7FC1BB172964F60075B2D3 /* Page_017.htm */; };
		BC7FC221172964F60075B2D3 /* Page_018.htm in Resources */ = {isa = PBXBuildFile; fileRef = BC7FC1BC172964F60075B2D3 /* Page_018.htm */; };
		BC7FC222172964F60075B2D3 /* Page_019.htm in Resources */ = {isa = PBXBuildFile; fileRef = BC7FC1BD172964F60075B2D3 /* Page_019.htm */; };
		BC7FC223172964F60075B2D3 /* Page_020.htm in Resources */ = {isa = PBXBuildFile; fileRef = BC7FC1BE172964F60075B2D3 /* Page_020.htm */; };
		BC7FC224172964F60075B2D3 /* style.css in Resources */ = {isa = PBXBuildFile; fileRef = BC7FC1BF172964F60075B2D3 /* style.css */; };
		BC80719B1727B953003D0AB5 /* selectedElement.js in Sources */ = {isa = PBXBuildFile; fileRef = BC80719A1727B953003D0AB5 /* selectedElement.js */; };
		BC80719C1727B962003D0AB5 /* selectedElement.js in Resources */ = {isa = PBXBuildFile; fileRef = BC80719A1727B953003D0AB5 /* selectedElement.js */; };
		BC80719E1727BA6C003D0AB5 /* jquery1_7_1.js in Sources */ = {isa = PBXBuildFile; fileRef = BC80719D1727BA6C003D0AB5 /* jquery1_7_1.js */; };
		BC80719F1727BA75003D0AB5 /* jquery1_7_1.js in Resources */ = {isa = PBXBuildFile; fileRef = BC80719D1727BA6C003D0AB5 /* jquery1_7_1.js */; };
		BC8071A21727BCD9003D0AB5 /* p3_120312.wav in Resources */ = {isa = PBXBuildFile; fileRef = BC8071A11727BCD9003D0AB5 /* p3_120312.wav */; };
		BC8071A41727BF00003D0AB5 /* AVFoundation.framework in Frameworks */ = {isa = PBXBuildFile; fileRef = BC8071A31727BF00003D0AB5 /* AVFoundation.framework */; };
		BC8071A71727BFC5003D0AB5 /* AudioClass.m in Sources */ = {isa = PBXBuildFile; fileRef = BC8071A61727BFC5003D0AB5 /* AudioClass.m */; };
		BC8071D41728096F003D0AB5 /* MenuSliderViewController.m in Sources */ = {isa = PBXBuildFile; fileRef = BC8071D21728096D003D0AB5 /* MenuSliderViewController.m */; };
		BC8071D51728096F003D0AB5 /* MenuSliderViewController.xib in Resources */ = {isa = PBXBuildFile; fileRef = BC8071D31728096E003D0AB5 /* MenuSliderViewController.xib */; };
		BC8071D8172809A5003D0AB5 /* Animator.m in Sources */ = {isa = PBXBuildFile; fileRef = BC8071D7172809A4003D0AB5 /* Animator.m */; };
		BC848C62171C26A2008F14E6 /* UIKit.framework in Frameworks */ = {isa = PBXBuildFile; fileRef = BC848C61171C26A2008F14E6 /* UIKit.framework */; };
		BC848C64171C26A2008F14E6 /* Foundation.framework in Frameworks */ = {isa = PBXBuildFile; fileRef = BC848C63171C26A2008F14E6 /* Foundation.framework */; };
		BC848C66171C26A2008F14E6 /* CoreGraphics.framework in Frameworks */ = {isa = PBXBuildFile; fileRef = BC848C65171C26A2008F14E6 /* CoreGraphics.framework */; };
		BC848C6C171C26A2008F14E6 /* InfoPlist.strings in Resources */ = {isa = PBXBuildFile; fileRef = BC848C6A171C26A2008F14E6 /* InfoPlist.strings */; };
		BC848C6E171C26A2008F14E6 /* main.m in Sources */ = {isa = PBXBuildFile; fileRef = BC848C6D171C26A2008F14E6 /* main.m */; };
		BC848C72171C26A2008F14E6 /* AppDelegate.m in Sources */ = {isa = PBXBuildFile; fileRef = BC848C71171C26A2008F14E6 /* AppDelegate.m */; };
		BC848C78171C26A2008F14E6 /* Default-568h@2x.png in Resources */ = {isa = PBXBuildFile; fileRef = BC848C77171C26A2008F14E6 /* Default-568h@2x.png */; };
		BCD05A3E1726A86A00C23A36 /* MenView.m in Sources */ = {isa = PBXBuildFile; fileRef = BCD05A3D1726A86A00C23A36 /* MenView.m */; };
		BCD05A451726A8BC00C23A36 /* Ribbon.png in Resources */ = {isa = PBXBuildFile; fileRef = BCD05A421726A8BC00C23A36 /* Ribbon.png */; };
		BCD05B8F1726B98D00C23A36 /* audio_btn@2x.png in Resources */ = {isa = PBXBuildFile; fileRef = BCD05B861726B98D00C23A36 /* audio_btn@2x.png */; };
		BCD05B901726B98D00C23A36 /* fineprint_text@2x.png in Resources */ = {isa = PBXBuildFile; fileRef = BCD05B871726B98D00C23A36 /* fineprint_text@2x.png */; };
		BCD05B911726B98D00C23A36 /* hearpage_text@2x.png in Resources */ = {isa = PBXBuildFile; fileRef = BCD05B881726B98D00C23A36 /* hearpage_text@2x.png */; };
		BCD05B921726B98D00C23A36 /* letitread_text@2x.png in Resources */ = {isa = PBXBuildFile; fileRef = BCD05B891726B98D00C23A36 /* letitread_text@2x.png */; };
		BCD05B931726B98D00C23A36 /* makeityourself_text@2x.png in Resources */ = {isa = PBXBuildFile; fileRef = BCD05B8A1726B98D00C23A36 /* makeityourself_text@2x.png */; };
		BCD05B941726B98D00C23A36 /* menu_bg@2x.png in Resources */ = {isa = PBXBuildFile; fileRef = BCD05B8B1726B98D00C23A36 /* menu_bg@2x.png */; };
		BCD05B951726B98D00C23A36 /* readmore_text@2x.png in Resources */ = {isa = PBXBuildFile; fileRef = BCD05B8C1726B98D00C23A36 /* readmore_text@2x.png */; };
		BCD05B961726B98D00C23A36 /* share_text@2x.png in Resources */ = {isa = PBXBuildFile; fileRef = BCD05B8D1726B98D00C23A36 /* share_text@2x.png */; };
		BCD05B971726B98D00C23A36 /* stories_text@2x.png in Resources */ = {isa = PBXBuildFile; fileRef = BCD05B8E1726B98D00C23A36 /* stories_text@2x.png */; };
		BCD05BA11726B9A000C23A36 /* audio_btn.png in Resources */ = {isa = PBXBuildFile; fileRef = BCD05B981726B9A000C23A36 /* audio_btn.png */; };
		BCD05BA21726B9A000C23A36 /* fineprint_text.png in Resources */ = {isa = PBXBuildFile; fileRef = BCD05B991726B9A000C23A36 /* fineprint_text.png */; };
		BCD05BA31726B9A000C23A36 /* hearpage_text.png in Resources */ = {isa = PBXBuildFile; fileRef = BCD05B9A1726B9A000C23A36 /* hearpage_text.png */; };
		BCD05BA41726B9A000C23A36 /* letitread_text.png in Resources */ = {isa = PBXBuildFile; fileRef = BCD05B9B1726B9A000C23A36 /* letitread_text.png */; };
		BCD05BA51726B9A000C23A36 /* makeityourself_text.png in Resources */ = {isa = PBXBuildFile; fileRef = BCD05B9C1726B9A000C23A36 /* makeityourself_text.png */; };
		BCD05BA61726B9A000C23A36 /* menu_bg.png in Resources */ = {isa = PBXBuildFile; fileRef = BCD05B9D1726B9A000C23A36 /* menu_bg.png */; };
		BCD05BA71726B9A000C23A36 /* readmore_text.png in Resources */ = {isa = PBXBuildFile; fileRef = BCD05B9E1726B9A000C23A36 /* readmore_text.png */; };
		BCD05BA81726B9A000C23A36 /* share_text.png in Resources */ = {isa = PBXBuildFile; fileRef = BCD05B9F1726B9A000C23A36 /* share_text.png */; };
		BCD05BA91726B9A000C23A36 /* stories_text.png in Resources */ = {isa = PBXBuildFile; fileRef = BCD05BA01726B9A000C23A36 /* stories_text.png */; };
/* End PBXBuildFile section */

/* Begin PBXFileReference section */
		BC139A4B17264DE500FAB313 /* Default.png */ = {isa = PBXFileReference; lastKnownFileType = image.png; path = Default.png; sourceTree = "<group>"; };
		BC139A4C17264DE500FAB313 /* Default@2x.png */ = {isa = PBXFileReference; lastKnownFileType = image.png; path = "Default@2x.png"; sourceTree = "<group>"; };
		BC139A6E172650B000FAB313 /* Empty.htm */ = {isa = PBXFileReference; fileEncoding = 4; lastKnownFileType = text.html; path = Empty.htm; sourceTree = "<group>"; };
		BC139A7117265A8A00FAB313 /* BibleSingletonManager.h */ = {isa = PBXFileReference; fileEncoding = 4; lastKnownFileType = sourcecode.c.h; path = BibleSingletonManager.h; sourceTree = "<group>"; };
		BC139A7217265A8A00FAB313 /* BibleSingletonManager.m */ = {isa = PBXFileReference; fileEncoding = 4; lastKnownFileType = sourcecode.c.objc; path = BibleSingletonManager.m; sourceTree = "<group>"; };
		BC139A7417265AE200FAB313 /* PersistenceDataStore.h */ = {isa = PBXFileReference; fileEncoding = 4; lastKnownFileType = sourcecode.c.h; path = PersistenceDataStore.h; sourceTree = "<group>"; };
		BC139A7517265AE200FAB313 /* PersistenceDataStore.m */ = {isa = PBXFileReference; fileEncoding = 4; lastKnownFileType = sourcecode.c.objc; path = PersistenceDataStore.m; sourceTree = "<group>"; };
		BC139A7617265AE200FAB313 /* Reachability.h */ = {isa = PBXFileReference; fileEncoding = 4; lastKnownFileType = sourcecode.c.h; path = Reachability.h; sourceTree = "<group>"; };
		BC139A7717265AE200FAB313 /* Reachability.m */ = {isa = PBXFileReference; fileEncoding = 4; lastKnownFileType = sourcecode.c.objc; path = Reachability.m; sourceTree = "<group>"; };
		BC139A7A17265AED00FAB313 /* CFNetwork.framework */ = {isa = PBXFileReference; lastKnownFileType = wrapper.framework; name = CFNetwork.framework; path = System/Library/Frameworks/CFNetwork.framework; sourceTree = SDKROOT; };
		BC139A7C17265B0C00FAB313 /* QuartzCore.framework */ = {isa = PBXFileReference; lastKnownFileType = wrapper.framework; name = QuartzCore.framework; path = System/Library/Frameworks/QuartzCore.framework; sourceTree = SDKROOT; };
		BC139A7E17265B3600FAB313 /* SystemConfiguration.framework */ = {isa = PBXFileReference; lastKnownFileType = wrapper.framework; name = SystemConfiguration.framework; path = System/Library/Frameworks/SystemConfiguration.framework; sourceTree = SDKROOT; };
		BC139A8017265B8300FAB313 /* BilbleConstant.h */ = {isa = PBXFileReference; fileEncoding = 4; lastKnownFileType = sourcecode.c.h; path = BilbleConstant.h; sourceTree = "<group>"; };
		BC139AA117266ABF00FAB313 /* DBConnectionManager.h */ = {isa = PBXFileReference; fileEncoding = 4; lastKnownFileType = sourcecode.c.h; path = DBConnectionManager.h; sourceTree = "<group>"; };
		BC139AA217266ABF00FAB313 /* DBConnectionManager.m */ = {isa = PBXFileReference; fileEncoding = 4; lastKnownFileType = sourcecode.c.objc; path = DBConnectionManager.m; sourceTree = "<group>"; };
		BC139AA417266ADF00FAB313 /* Data.h */ = {isa = PBXFileReference; fileEncoding = 4; lastKnownFileType = sourcecode.c.h; path = Data.h; sourceTree = "<group>"; };
		BC139AA517266ADF00FAB313 /* Data.m */ = {isa = PBXFileReference; fileEncoding = 4; lastKnownFileType = sourcecode.c.objc; path = Data.m; sourceTree = "<group>"; };
		BC139AA717266B1D00FAB313 /* libsqlite3.0.dylib */ = {isa = PBXFileReference; lastKnownFileType = "compiled.mach-o.dylib"; name = libsqlite3.0.dylib; path = usr/lib/libsqlite3.0.dylib; sourceTree = SDKROOT; };
		BC139AA917266B6200FAB313 /* Bible.Sqlite */ = {isa = PBXFileReference; lastKnownFileType = file; path = Bible.Sqlite; sourceTree = "<group>"; };
		BC139AAB1726753200FAB313 /* Icon-72.png */ = {isa = PBXFileReference; lastKnownFileType = image.png; path = "Icon-72.png"; sourceTree = "<group>"; };
		BC139AAC1726753300FAB313 /* Icon-72@2x.png */ = {isa = PBXFileReference; lastKnownFileType = image.png; path = "Icon-72@2x.png"; sourceTree = "<group>"; };
		BC139AAD1726753300FAB313 /* Icon-Small-50.png */ = {isa = PBXFileReference; lastKnownFileType = image.png; path = "Icon-Small-50.png"; sourceTree = "<group>"; };
		BC139AAE1726753300FAB313 /* Icon-Small-50@2x.png */ = {isa = PBXFileReference; lastKnownFileType = image.png; path = "Icon-Small-50@2x.png"; sourceTree = "<group>"; };
		BC139AAF1726753300FAB313 /* Icon-Small.png */ = {isa = PBXFileReference; lastKnownFileType = image.png; path = "Icon-Small.png"; sourceTree = "<group>"; };
		BC139AB01726753300FAB313 /* Icon-Small@2x.png */ = {isa = PBXFileReference; lastKnownFileType = image.png; path = "Icon-Small@2x.png"; sourceTree = "<group>"; };
		BC139AB11726753300FAB313 /* Icon.png */ = {isa = PBXFileReference; lastKnownFileType = image.png; path = Icon.png; sourceTree = "<group>"; };
		BC139AB21726753300FAB313 /* Icon@2x.png */ = {isa = PBXFileReference; lastKnownFileType = image.png; path = "Icon@2x.png"; sourceTree = "<group>"; };
		BC139AB31726753300FAB313 /* iTunesArtwork.png */ = {isa = PBXFileReference; lastKnownFileType = image.png; path = iTunesArtwork.png; sourceTree = "<group>"; };
		BC139AB41726753300FAB313 /* iTunesArtwork@2x.png */ = {isa = PBXFileReference; lastKnownFileType = image.png; path = "iTunesArtwork@2x.png"; sourceTree = "<group>"; };
		BC139ABF1726755300FAB313 /* Icon-72.png */ = {isa = PBXFileReference; lastKnownFileType = image.png; path = "Icon-72.png"; sourceTree = "<group>"; };
		BC139AC11726756B00FAB313 /* Icon-72@2x.png */ = {isa = PBXFileReference; lastKnownFileType = image.png; path = "Icon-72@2x.png"; sourceTree = "<group>"; };
		BC1941DB171EB6AF002FF0E0 /* PageViewController.h */ = {isa = PBXFileReference; fileEncoding = 4; lastKnownFileType = sourcecode.c.h; path = PageViewController.h; sourceTree = "<group>"; };
		BC1941DC171EB6AF002FF0E0 /* PageViewController.m */ = {isa = PBXFileReference; fileEncoding = 4; lastKnownFileType = sourcecode.c.objc; path = PageViewController.m; sourceTree = "<group>"; };
		BC1941E3171EBC1A002FF0E0 /* ModelController.h */ = {isa = PBXFileReference; fileEncoding = 4; lastKnownFileType = sourcecode.c.h; path = ModelController.h; sourceTree = "<group>"; };
		BC1941E4171EBC1A002FF0E0 /* ModelController.m */ = {isa = PBXFileReference; fileEncoding = 4; lastKnownFileType = sourcecode.c.objc; path = ModelController.m; sourceTree = "<group>"; };
		BC1941E5171EBC1A002FF0E0 /* RootViewController.h */ = {isa = PBXFileReference; fileEncoding = 4; lastKnownFileType = sourcecode.c.h; path = RootViewController.h; sourceTree = "<group>"; };
		BC1941E8171EBC49002FF0E0 /* RootViewController.m */ = {isa = PBXFileReference; fileEncoding = 4; lastKnownFileType = sourcecode.c.objc; path = RootViewController.m; sourceTree = "<group>"; };
		BC7FC15A172964F60075B2D3 /* AGaramond-Italic.otf */ = {isa = PBXFileReference; lastKnownFileType = file; path = "AGaramond-Italic.otf"; sourceTree = "<group>"; };
		BC7FC15B172964F60075B2D3 /* american_typewriter.ttf */ = {isa = PBXFileReference; lastKnownFileType = file; path = american_typewriter.ttf; sourceTree = "<group>"; };
		BC7FC15C172964F60075B2D3 /* AmericanTypewriter.otf */ = {isa = PBXFileReference; lastKnownFileType = file; path = AmericanTypewriter.otf; sourceTree = "<group>"; };
		BC7FC15D172964F60075B2D3 /* PastedGraphic-1.tiff */ = {isa = PBXFileReference; lastKnownFileType = image.tiff; path = "PastedGraphic-1.tiff"; sourceTree = "<group>"; };
		BC7FC15F172964F60075B2D3 /* Audio_icon.png */ = {isa = PBXFileReference; lastKnownFileType = image.png; path = Audio_icon.png; sourceTree = "<group>"; };
		BC7FC160172964F60075B2D3 /* BBret 23.jpg */ = {isa = PBXFileReference; lastKnownFileType = image.jpeg; path = "BBret 23.jpg"; sourceTree = "<group>"; };
		BC7FC161172964F60075B2D3 /* BBret 24.jpg */ = {isa = PBXFileReference; lastKnownFileType = image.jpeg; path = "BBret 24.jpg"; sourceTree = "<group>"; };
		BC7FC162172964F60075B2D3 /* BBret 25.jpg */ = {isa = PBXFileReference; lastKnownFileType = image.jpeg; path = "BBret 25.jpg"; sourceTree = "<group>"; };
		BC7FC163172964F60075B2D3 /* BBret 26.jpg */ = {isa = PBXFileReference; lastKnownFileType = image.jpeg; path = "BBret 26.jpg"; sourceTree = "<group>"; };
		BC7FC164172964F60075B2D3 /* BBret 27.jpg */ = {isa = PBXFileReference; lastKnownFileType = image.jpeg; path = "BBret 27.jpg"; sourceTree = "<group>"; };
		BC7FC165172964F60075B2D3 /* BBret 28.jpg */ = {isa = PBXFileReference; lastKnownFileType = image.jpeg; path = "BBret 28.jpg"; sourceTree = "<group>"; };
		BC7FC166172964F60075B2D3 /* BBret 29.jpg */ = {isa = PBXFileReference; lastKnownFileType = image.jpeg; path = "BBret 29.jpg"; sourceTree = "<group>"; };
		BC7FC167172964F60075B2D3 /* BBret 30.jpg */ = {isa = PBXFileReference; lastKnownFileType = image.jpeg; path = "BBret 30.jpg"; sourceTree = "<group>"; };
		BC7FC168172964F60075B2D3 /* BBret 31.jpg */ = {isa = PBXFileReference; lastKnownFileType = image.jpeg; path = "BBret 31.jpg"; sourceTree = "<group>"; };
		BC7FC169172964F60075B2D3 /* BBret 32.jpg */ = {isa = PBXFileReference; lastKnownFileType = image.jpeg; path = "BBret 32.jpg"; sourceTree = "<group>"; };
		BC7FC16A172964F60075B2D3 /* BBret 33.jpg */ = {isa = PBXFileReference; lastKnownFileType = image.jpeg; path = "BBret 33.jpg"; sourceTree = "<group>"; };
		BC7FC16B172964F60075B2D3 /* BBret 34.jpg */ = {isa = PBXFileReference; lastKnownFileType = image.jpeg; path = "BBret 34.jpg"; sourceTree = "<group>"; };
		BC7FC16C172964F60075B2D3 /* BBret 35.jpg */ = {isa = PBXFileReference; lastKnownFileType = image.jpeg; path = "BBret 35.jpg"; sourceTree = "<group>"; };
		BC7FC16D172964F60075B2D3 /* BBret 36.jpg */ = {isa = PBXFileReference; lastKnownFileType = image.jpeg; path = "BBret 36.jpg"; sourceTree = "<group>"; };
		BC7FC16E172964F60075B2D3 /* BBret 37.jpg */ = {isa = PBXFileReference; lastKnownFileType = image.jpeg; path = "BBret 37.jpg"; sourceTree = "<group>"; };
		BC7FC16F172964F60075B2D3 /* BBret 38.jpg */ = {isa = PBXFileReference; lastKnownFileType = image.jpeg; path = "BBret 38.jpg"; sourceTree = "<group>"; };
		BC7FC170172964F60075B2D3 /* BBret 39.jpg */ = {isa = PBXFileReference; lastKnownFileType = image.jpeg; path = "BBret 39.jpg"; sourceTree = "<group>"; };
		BC7FC171172964F60075B2D3 /* BBret 40.jpg */ = {isa = PBXFileReference; lastKnownFileType = image.jpeg; path = "BBret 40.jpg"; sourceTree = "<group>"; };
		BC7FC172172964F60075B2D3 /* BBret 41.jpg */ = {isa = PBXFileReference; lastKnownFileType = image.jpeg; path = "BBret 41.jpg"; sourceTree = "<group>"; };
		BC7FC173172964F60075B2D3 /* BBret 42.jpg */ = {isa = PBXFileReference; lastKnownFileType = image.jpeg; path = "BBret 42.jpg"; sourceTree = "<group>"; };
		BC7FC174172964F60075B2D3 /* BBret 43.jpg */ = {isa = PBXFileReference; lastKnownFileType = image.jpeg; path = "BBret 43.jpg"; sourceTree = "<group>"; };
		BC7FC175172964F60075B2D3 /* BBret 44.jpg */ = {isa = PBXFileReference; lastKnownFileType = image.jpeg; path = "BBret 44.jpg"; sourceTree = "<group>"; };
		BC7FC176172964F60075B2D3 /* BBret 45.jpg */ = {isa = PBXFileReference; lastKnownFileType = image.jpeg; path = "BBret 45.jpg"; sourceTree = "<group>"; };
		BC7FC177172964F60075B2D3 /* BBret 46.jpg */ = {isa = PBXFileReference; lastKnownFileType = image.jpeg; path = "BBret 46.jpg"; sourceTree = "<group>"; };
		BC7FC178172964F60075B2D3 /* BBret 47.jpg */ = {isa = PBXFileReference; lastKnownFileType = image.jpeg; path = "BBret 47.jpg"; sourceTree = "<group>"; };
		BC7FC179172964F60075B2D3 /* BBret 48.jpg */ = {isa = PBXFileReference; lastKnownFileType = image.jpeg; path = "BBret 48.jpg"; sourceTree = "<group>"; };
		BC7FC17A172964F60075B2D3 /* BBret 49.jpg */ = {isa = PBXFileReference; lastKnownFileType = image.jpeg; path = "BBret 49.jpg"; sourceTree = "<group>"; };
		BC7FC17B172964F60075B2D3 /* BBret 50.jpg */ = {isa = PBXFileReference; lastKnownFileType = image.jpeg; path = "BBret 50.jpg"; sourceTree = "<group>"; };
		BC7FC17C172964F60075B2D3 /* BBret 51.jpg */ = {isa = PBXFileReference; lastKnownFileType = image.jpeg; path = "BBret 51.jpg"; sourceTree = "<group>"; };
		BC7FC17D172964F60075B2D3 /* BBret 52.jpg */ = {isa = PBXFileReference; lastKnownFileType = image.jpeg; path = "BBret 52.jpg"; sourceTree = "<group>"; };
		BC7FC17E172964F60075B2D3 /* BBret 53.jpg */ = {isa = PBXFileReference; lastKnownFileType = image.jpeg; path = "BBret 53.jpg"; sourceTree = "<group>"; };
		BC7FC17F172964F60075B2D3 /* BBret 54.jpg */ = {isa = PBXFileReference; lastKnownFileType = image.jpeg; path = "BBret 54.jpg"; sourceTree = "<group>"; };
		BC7FC180172964F60075B2D3 /* BBret 55.jpg */ = {isa = PBXFileReference; lastKnownFileType = image.jpeg; path = "BBret 55.jpg"; sourceTree = "<group>"; };
		BC7FC181172964F60075B2D3 /* BBret 56.jpg */ = {isa = PBXFileReference; lastKnownFileType = image.jpeg; path = "BBret 56.jpg"; sourceTree = "<group>"; };
		BC7FC182172964F60075B2D3 /* BBret 57.jpg */ = {isa = PBXFileReference; lastKnownFileType = image.jpeg; path = "BBret 57.jpg"; sourceTree = "<group>"; };
		BC7FC183172964F60075B2D3 /* BBret 58.jpg */ = {isa = PBXFileReference; lastKnownFileType = image.jpeg; path = "BBret 58.jpg"; sourceTree = "<group>"; };
		BC7FC184172964F60075B2D3 /* BBret 59.jpg */ = {isa = PBXFileReference; lastKnownFileType = image.jpeg; path = "BBret 59.jpg"; sourceTree = "<group>"; };
		BC7FC185172964F60075B2D3 /* BBret 60.jpg */ = {isa = PBXFileReference; lastKnownFileType = image.jpeg; path = "BBret 60.jpg"; sourceTree = "<group>"; };
		BC7FC186172964F60075B2D3 /* BBret 61.jpg */ = {isa = PBXFileReference; lastKnownFileType = image.jpeg; path = "BBret 61.jpg"; sourceTree = "<group>"; };
		BC7FC187172964F60075B2D3 /* Bbret 62.jpg */ = {isa = PBXFileReference; lastKnownFileType = image.jpeg; path = "Bbret 62.jpg"; sourceTree = "<group>"; };
		BC7FC188172964F60075B2D3 /* BBret 63.jpg */ = {isa = PBXFileReference; lastKnownFileType = image.jpeg; path = "BBret 63.jpg"; sourceTree = "<group>"; };
		BC7FC189172964F60075B2D3 /* BBret 64.jpg */ = {isa = PBXFileReference; lastKnownFileType = image.jpeg; path = "BBret 64.jpg"; sourceTree = "<group>"; };
		BC7FC18A172964F60075B2D3 /* BBret 65.jpg */ = {isa = PBXFileReference; lastKnownFileType = image.jpeg; path = "BBret 65.jpg"; sourceTree = "<group>"; };
		BC7FC18B172964F60075B2D3 /* BBret 66.jpg */ = {isa = PBXFileReference; lastKnownFileType = image.jpeg; path = "BBret 66.jpg"; sourceTree = "<group>"; };
		BC7FC18C172964F60075B2D3 /* BBret 67.jpg */ = {isa = PBXFileReference; lastKnownFileType = image.jpeg; path = "BBret 67.jpg"; sourceTree = "<group>"; };
		BC7FC18D172964F60075B2D3 /* BBret 68.jpg */ = {isa = PBXFileReference; lastKnownFileType = image.jpeg; path = "BBret 68.jpg"; sourceTree = "<group>"; };
		BC7FC18E172964F60075B2D3 /* BBret 69.jpg */ = {isa = PBXFileReference; lastKnownFileType = image.jpeg; path = "BBret 69.jpg"; sourceTree = "<group>"; };
		BC7FC18F172964F60075B2D3 /* BBret 70.jpg */ = {isa = PBXFileReference; lastKnownFileType = image.jpeg; path = "BBret 70.jpg"; sourceTree = "<group>"; };
		BC7FC190172964F60075B2D3 /* BBret 71.jpg */ = {isa = PBXFileReference; lastKnownFileType = image.jpeg; path = "BBret 71.jpg"; sourceTree = "<group>"; };
		BC7FC191172964F60075B2D3 /* page_001.jpg */ = {isa = PBXFileReference; lastKnownFileType = image.jpeg; path = page_001.jpg; sourceTree = "<group>"; };
		BC7FC192172964F60075B2D3 /* page_002.jpg */ = {isa = PBXFileReference; lastKnownFileType = image.jpeg; path = page_002.jpg; sourceTree = "<group>"; };
		BC7FC193172964F60075B2D3 /* page_003.jpg */ = {isa = PBXFileReference; lastKnownFileType = image.jpeg; path = page_003.jpg; sourceTree = "<group>"; };
		BC7FC194172964F60075B2D3 /* page_004.jpg */ = {isa = PBXFileReference; lastKnownFileType = image.jpeg; path = page_004.jpg; sourceTree = "<group>"; };
		BC7FC195172964F60075B2D3 /* page_005.jpg */ = {isa = PBXFileReference; lastKnownFileType = image.jpeg; path = page_005.jpg; sourceTree = "<group>"; };
		BC7FC196172964F60075B2D3 /* page_006.jpg */ = {isa = PBXFileReference; lastKnownFileType = image.jpeg; path = page_006.jpg; sourceTree = "<group>"; };
		BC7FC197172964F60075B2D3 /* page_007.jpg */ = {isa = PBXFileReference; lastKnownFileType = image.jpeg; path = page_007.jpg; sourceTree = "<group>"; };
		BC7FC198172964F60075B2D3 /* page_008.jpg */ = {isa = PBXFileReference; lastKnownFileType = image.jpeg; path = page_008.jpg; sourceTree = "<group>"; };
		BC7FC199172964F60075B2D3 /* page_009.jpg */ = {isa = PBXFileReference; lastKnownFileType = image.jpeg; path = page_009.jpg; sourceTree = "<group>"; };
		BC7FC19A172964F60075B2D3 /* page_010.jpg */ = {isa = PBXFileReference; lastKnownFileType = image.jpeg; path = page_010.jpg; sourceTree = "<group>"; };
		BC7FC19B172964F60075B2D3 /* page_011.jpg */ = {isa = PBXFileReference; lastKnownFileType = image.jpeg; path = page_011.jpg; sourceTree = "<group>"; };
		BC7FC19C172964F60075B2D3 /* page_012.jpg */ = {isa = PBXFileReference; lastKnownFileType = image.jpeg; path = page_012.jpg; sourceTree = "<group>"; };
		BC7FC19D172964F60075B2D3 /* page_013.jpg */ = {isa = PBXFileReference; lastKnownFileType = image.jpeg; path = page_013.jpg; sourceTree = "<group>"; };
		BC7FC19E172964F60075B2D3 /* page_014.jpg */ = {isa = PBXFileReference; lastKnownFileType = image.jpeg; path = page_014.jpg; sourceTree = "<group>"; };
		BC7FC19F172964F60075B2D3 /* page_015.jpg */ = {isa = PBXFileReference; lastKnownFileType = image.jpeg; path = page_015.jpg; sourceTree = "<group>"; };
		BC7FC1A0172964F60075B2D3 /* page_016.jpg */ = {isa = PBXFileReference; lastKnownFileType = image.jpeg; path = page_016.jpg; sourceTree = "<group>"; };
		BC7FC1A1172964F60075B2D3 /* page_017.jpg */ = {isa = PBXFileReference; lastKnownFileType = image.jpeg; path = page_017.jpg; sourceTree = "<group>"; };
		BC7FC1A2172964F60075B2D3 /* page_018.jpg */ = {isa = PBXFileReference; lastKnownFileType = image.jpeg; path = page_018.jpg; sourceTree = "<group>"; };
		BC7FC1A3172964F60075B2D3 /* page_019.jpg */ = {isa = PBXFileReference; lastKnownFileType = image.jpeg; path = page_019.jpg; sourceTree = "<group>"; };
		BC7FC1A4172964F60075B2D3 /* page_020.jpg */ = {isa = PBXFileReference; lastKnownFileType = image.jpeg; path = page_020.jpg; sourceTree = "<group>"; };
		BC7FC1A5172964F60075B2D3 /* page_021.jpg */ = {isa = PBXFileReference; lastKnownFileType = image.jpeg; path = page_021.jpg; sourceTree = "<group>"; };
		BC7FC1A6172964F60075B2D3 /* page_022.jpg */ = {isa = PBXFileReference; lastKnownFileType = image.jpeg; path = page_022.jpg; sourceTree = "<group>"; };
		BC7FC1A7172964F60075B2D3 /* page_023.jpg */ = {isa = PBXFileReference; lastKnownFileType = image.jpeg; path = page_023.jpg; sourceTree = "<group>"; };
		BC7FC1A8172964F60075B2D3 /* page_024.jpg */ = {isa = PBXFileReference; lastKnownFileType = image.jpeg; path = page_024.jpg; sourceTree = "<group>"; };
		BC7FC1A9172964F60075B2D3 /* page_025.jpg */ = {isa = PBXFileReference; lastKnownFileType = image.jpeg; path = page_025.jpg; sourceTree = "<group>"; };
		BC7FC1AA172964F60075B2D3 /* Ribbon.png */ = {isa = PBXFileReference; lastKnownFileType = image.png; path = Ribbon.png; sourceTree = "<group>"; };
		BC7FC1AB172964F60075B2D3 /* Page_001.htm */ = {isa = PBXFileReference; fileEncoding = 4; lastKnownFileType = text.html; path = Page_001.htm; sourceTree = "<group>"; };
		BC7FC1AC172964F60075B2D3 /* Page_002.htm */ = {isa = PBXFileReference; fileEncoding = 4; lastKnownFileType = text.html; path = Page_002.htm; sourceTree = "<group>"; };
		BC7FC1AD172964F60075B2D3 /* Page_003.htm */ = {isa = PBXFileReference; fileEncoding = 4; lastKnownFileType = text.html; path = Page_003.htm; sourceTree = "<group>"; };
		BC7FC1AE172964F60075B2D3 /* Page_004.htm */ = {isa = PBXFileReference; fileEncoding = 4; lastKnownFileType = text.html; path = Page_004.htm; sourceTree = "<group>"; };
		BC7FC1AF172964F60075B2D3 /* Page_005.htm */ = {isa = PBXFileReference; fileEncoding = 4; lastKnownFileType = text.html; path = Page_005.htm; sourceTree = "<group>"; };
		BC7FC1B0172964F60075B2D3 /* Page_006.htm */ = {isa = PBXFileReference; fileEncoding = 4; lastKnownFileType = text.html; path = Page_006.htm; sourceTree = "<group>"; };
		BC7FC1B1172964F60075B2D3 /* Page_007.htm */ = {isa = PBXFileReference; fileEncoding = 4; lastKnownFileType = text.html; path = Page_007.htm; sourceTree = "<group>"; };
		BC7FC1B2172964F60075B2D3 /* Page_008.htm */ = {isa = PBXFileReference; fileEncoding = 4; lastKnownFileType = text.html; path = Page_008.htm; sourceTree = "<group>"; };
		BC7FC1B3172964F60075B2D3 /* Page_009.htm */ = {isa = PBXFileReference; fileEncoding = 4; lastKnownFileType = text.html; path = Page_009.htm; sourceTree = "<group>"; };
		BC7FC1B4172964F60075B2D3 /* Page_010.htm */ = {isa = PBXFileReference; fileEncoding = 4; lastKnownFileType = text.html; path = Page_010.htm; sourceTree = "<group>"; };
		BC7FC1B5172964F60075B2D3 /* Page_011.htm */ = {isa = PBXFileReference; fileEncoding = 4; lastKnownFileType = text.html; path = Page_011.htm; sourceTree = "<group>"; };
		BC7FC1B6172964F60075B2D3 /* Page_012.htm */ = {isa = PBXFileReference; fileEncoding = 4; lastKnownFileType = text.html; path = Page_012.htm; sourceTree = "<group>"; };
		BC7FC1B7172964F60075B2D3 /* Page_013.htm */ = {isa = PBXFileReference; fileEncoding = 4; lastKnownFileType = text.html; path = Page_013.htm; sourceTree = "<group>"; };
		BC7FC1B8172964F60075B2D3 /* Page_014.htm */ = {isa = PBXFileReference; fileEncoding = 4; lastKnownFileType = text.html; path = Page_014.htm; sourceTree = "<group>"; };
		BC7FC1B9172964F60075B2D3 /* Page_015.htm */ = {isa = PBXFileReference; fileEncoding = 4; lastKnownFileType = text.html; path = Page_015.htm; sourceTree = "<group>"; };
		BC7FC1BA172964F60075B2D3 /* Page_016.htm */ = {isa = PBXFileReference; fileEncoding = 4; lastKnownFileType = text.html; path = Page_016.htm; sourceTree = "<group>"; };
		BC7FC1BB172964F60075B2D3 /* Page_017.htm */ = {isa = PBXFileReference; fileEncoding = 4; lastKnownFileType = text.html; path = Page_017.htm; sourceTree = "<group>"; };
		BC7FC1BC172964F60075B2D3 /* Page_018.htm */ = {isa = PBXFileReference; fileEncoding = 4; lastKnownFileType = text.html; path = Page_018.htm; sourceTree = "<group>"; };
		BC7FC1BD172964F60075B2D3 /* Page_019.htm */ = {isa = PBXFileReference; fileEncoding = 4; lastKnownFileType = text.html; path = Page_019.htm; sourceTree = "<group>"; };
		BC7FC1BE172964F60075B2D3 /* Page_020.htm */ = {isa = PBXFileReference; fileEncoding = 4; lastKnownFileType = text.html; path = Page_020.htm; sourceTree = "<group>"; };
		BC7FC1BF172964F60075B2D3 /* style.css */ = {isa = PBXFileReference; fileEncoding = 4; lastKnownFileType = text.css; path = style.css; sourceTree = "<group>"; };
		BC80719A1727B953003D0AB5 /* selectedElement.js */ = {isa = PBXFileReference; fileEncoding = 4; lastKnownFileType = sourcecode.javascript; path = selectedElement.js; sourceTree = "<group>"; };
		BC80719D1727BA6C003D0AB5 /* jquery1_7_1.js */ = {isa = PBXFileReference; fileEncoding = 4; lastKnownFileType = sourcecode.javascript; path = jquery1_7_1.js; sourceTree = "<group>"; };
		BC8071A11727BCD9003D0AB5 /* p3_120312.wav */ = {isa = PBXFileReference; lastKnownFileType = audio.wav; path = p3_120312.wav; sourceTree = "<group>"; };
		BC8071A31727BF00003D0AB5 /* AVFoundation.framework */ = {isa = PBXFileReference; lastKnownFileType = wrapper.framework; name = AVFoundation.framework; path = System/Library/Frameworks/AVFoundation.framework; sourceTree = SDKROOT; };
		BC8071A51727BFC4003D0AB5 /* AudioClass.h */ = {isa = PBXFileReference; fileEncoding = 4; lastKnownFileType = sourcecode.c.h; path = AudioClass.h; sourceTree = "<group>"; };
		BC8071A61727BFC5003D0AB5 /* AudioClass.m */ = {isa = PBXFileReference; fileEncoding = 4; lastKnownFileType = sourcecode.c.objc; path = AudioClass.m; sourceTree = "<group>"; };
		BC8071D11728096D003D0AB5 /* MenuSliderViewController.h */ = {isa = PBXFileReference; fileEncoding = 4; lastKnownFileType = sourcecode.c.h; path = MenuSliderViewController.h; sourceTree = "<group>"; };
		BC8071D21728096D003D0AB5 /* MenuSliderViewController.m */ = {isa = PBXFileReference; fileEncoding = 4; lastKnownFileType = sourcecode.c.objc; path = MenuSliderViewController.m; sourceTree = "<group>"; };
		BC8071D31728096E003D0AB5 /* MenuSliderViewController.xib */ = {isa = PBXFileReference; fileEncoding = 4; lastKnownFileType = file.xib; path = MenuSliderViewController.xib; sourceTree = "<group>"; };
		BC8071D6172809A4003D0AB5 /* Animator.h */ = {isa = PBXFileReference; fileEncoding = 4; lastKnownFileType = sourcecode.c.h; path = Animator.h; sourceTree = "<group>"; };
		BC8071D7172809A4003D0AB5 /* Animator.m */ = {isa = PBXFileReference; fileEncoding = 4; lastKnownFileType = sourcecode.c.objc; path = Animator.m; sourceTree = "<group>"; };
		BC848C5E171C26A2008F14E6 /* Bible.app */ = {isa = PBXFileReference; explicitFileType = wrapper.application; includeInIndex = 0; path = Bible.app; sourceTree = BUILT_PRODUCTS_DIR; };
		BC848C61171C26A2008F14E6 /* UIKit.framework */ = {isa = PBXFileReference; lastKnownFileType = wrapper.framework; name = UIKit.framework; path = System/Library/Frameworks/UIKit.framework; sourceTree = SDKROOT; };
		BC848C63171C26A2008F14E6 /* Foundation.framework */ = {isa = PBXFileReference; lastKnownFileType = wrapper.framework; name = Foundation.framework; path = System/Library/Frameworks/Foundation.framework; sourceTree = SDKROOT; };
		BC848C65171C26A2008F14E6 /* CoreGraphics.framework */ = {isa = PBXFileReference; lastKnownFileType = wrapper.framework; name = CoreGraphics.framework; path = System/Library/Frameworks/CoreGraphics.framework; sourceTree = SDKROOT; };
		BC848C69171C26A2008F14E6 /* Bible-Info.plist */ = {isa = PBXFileReference; lastKnownFileType = text.plist.xml; path = "Bible-Info.plist"; sourceTree = "<group>"; };
		BC848C6B171C26A2008F14E6 /* en */ = {isa = PBXFileReference; lastKnownFileType = text.plist.strings; name = en; path = en.lproj/InfoPlist.strings; sourceTree = "<group>"; };
		BC848C6D171C26A2008F14E6 /* main.m */ = {isa = PBXFileReference; lastKnownFileType = sourcecode.c.objc; path = main.m; sourceTree = "<group>"; };
		BC848C6F171C26A2008F14E6 /* Bible-Prefix.pch */ = {isa = PBXFileReference; lastKnownFileType = sourcecode.c.h; path = "Bible-Prefix.pch"; sourceTree = "<group>"; };
		BC848C70171C26A2008F14E6 /* AppDelegate.h */ = {isa = PBXFileReference; lastKnownFileType = sourcecode.c.h; path = AppDelegate.h; sourceTree = "<group>"; };
		BC848C71171C26A2008F14E6 /* AppDelegate.m */ = {isa = PBXFileReference; lastKnownFileType = sourcecode.c.objc; path = AppDelegate.m; sourceTree = "<group>"; };
		BC848C77171C26A2008F14E6 /* Default-568h@2x.png */ = {isa = PBXFileReference; lastKnownFileType = image.png; path = "Default-568h@2x.png"; sourceTree = "<group>"; };
		BCD05A3C1726A86A00C23A36 /* MenView.h */ = {isa = PBXFileReference; fileEncoding = 4; lastKnownFileType = sourcecode.c.h; path = MenView.h; sourceTree = "<group>"; };
		BCD05A3D1726A86A00C23A36 /* MenView.m */ = {isa = PBXFileReference; fileEncoding = 4; lastKnownFileType = sourcecode.c.objc; path = MenView.m; sourceTree = "<group>"; };
		BCD05A421726A8BC00C23A36 /* Ribbon.png */ = {isa = PBXFileReference; lastKnownFileType = image.png; path = Ribbon.png; sourceTree = "<group>"; };
		BCD05B861726B98D00C23A36 /* audio_btn@2x.png */ = {isa = PBXFileReference; lastKnownFileType = image.png; path = "audio_btn@2x.png"; sourceTree = "<group>"; };
		BCD05B871726B98D00C23A36 /* fineprint_text@2x.png */ = {isa = PBXFileReference; lastKnownFileType = image.png; path = "fineprint_text@2x.png"; sourceTree = "<group>"; };
		BCD05B881726B98D00C23A36 /* hearpage_text@2x.png */ = {isa = PBXFileReference; lastKnownFileType = image.png; path = "hearpage_text@2x.png"; sourceTree = "<group>"; };
		BCD05B891726B98D00C23A36 /* letitread_text@2x.png */ = {isa = PBXFileReference; lastKnownFileType = image.png; path = "letitread_text@2x.png"; sourceTree = "<group>"; };
		BCD05B8A1726B98D00C23A36 /* makeityourself_text@2x.png */ = {isa = PBXFileReference; lastKnownFileType = image.png; path = "makeityourself_text@2x.png"; sourceTree = "<group>"; };
		BCD05B8B1726B98D00C23A36 /* menu_bg@2x.png */ = {isa = PBXFileReference; lastKnownFileType = image.png; path = "menu_bg@2x.png"; sourceTree = "<group>"; };
		BCD05B8C1726B98D00C23A36 /* readmore_text@2x.png */ = {isa = PBXFileReference; lastKnownFileType = image.png; path = "readmore_text@2x.png"; sourceTree = "<group>"; };
		BCD05B8D1726B98D00C23A36 /* share_text@2x.png */ = {isa = PBXFileReference; lastKnownFileType = image.png; path = "share_text@2x.png"; sourceTree = "<group>"; };
		BCD05B8E1726B98D00C23A36 /* stories_text@2x.png */ = {isa = PBXFileReference; lastKnownFileType = image.png; path = "stories_text@2x.png"; sourceTree = "<group>"; };
		BCD05B981726B9A000C23A36 /* audio_btn.png */ = {isa = PBXFileReference; lastKnownFileType = image.png; path = audio_btn.png; sourceTree = "<group>"; };
		BCD05B991726B9A000C23A36 /* fineprint_text.png */ = {isa = PBXFileReference; lastKnownFileType = image.png; path = fineprint_text.png; sourceTree = "<group>"; };
		BCD05B9A1726B9A000C23A36 /* hearpage_text.png */ = {isa = PBXFileReference; lastKnownFileType = image.png; path = hearpage_text.png; sourceTree = "<group>"; };
		BCD05B9B1726B9A000C23A36 /* letitread_text.png */ = {isa = PBXFileReference; lastKnownFileType = image.png; path = letitread_text.png; sourceTree = "<group>"; };
		BCD05B9C1726B9A000C23A36 /* makeityourself_text.png */ = {isa = PBXFileReference; lastKnownFileType = image.png; path = makeityourself_text.png; sourceTree = "<group>"; };
		BCD05B9D1726B9A000C23A36 /* menu_bg.png */ = {isa = PBXFileReference; lastKnownFileType = image.png; path = menu_bg.png; sourceTree = "<group>"; };
		BCD05B9E1726B9A000C23A36 /* readmore_text.png */ = {isa = PBXFileReference; lastKnownFileType = image.png; path = readmore_text.png; sourceTree = "<group>"; };
		BCD05B9F1726B9A000C23A36 /* share_text.png */ = {isa = PBXFileReference; lastKnownFileType = image.png; path = share_text.png; sourceTree = "<group>"; };
		BCD05BA01726B9A000C23A36 /* stories_text.png */ = {isa = PBXFileReference; lastKnownFileType = image.png; path = stories_text.png; sourceTree = "<group>"; };
/* End PBXFileReference section */

/* Begin PBXFrameworksBuildPhase section */
		BC848C5B171C26A2008F14E6 /* Frameworks */ = {
			isa = PBXFrameworksBuildPhase;
			buildActionMask = 2147483647;
			files = (
				BC8071A41727BF00003D0AB5 /* AVFoundation.framework in Frameworks */,
				BC139AA817266B1D00FAB313 /* libsqlite3.0.dylib in Frameworks */,
				BC139A7F17265B3600FAB313 /* SystemConfiguration.framework in Frameworks */,
				BC139A7D17265B0C00FAB313 /* QuartzCore.framework in Frameworks */,
				BC139A7B17265AED00FAB313 /* CFNetwork.framework in Frameworks */,
				BC848C62171C26A2008F14E6 /* UIKit.framework in Frameworks */,
				BC848C64171C26A2008F14E6 /* Foundation.framework in Frameworks */,
				BC848C66171C26A2008F14E6 /* CoreGraphics.framework in Frameworks */,
			);
			runOnlyForDeploymentPostprocessing = 0;
		};
/* End PBXFrameworksBuildPhase section */

/* Begin PBXGroup section */
		BC139A4A17264DE500FAB313 /* IconAndSplash */ = {
			isa = PBXGroup;
			children = (
				BC139AAB1726753200FAB313 /* Icon-72.png */,
				BC139AAC1726753300FAB313 /* Icon-72@2x.png */,
				BC139AAD1726753300FAB313 /* Icon-Small-50.png */,
				BC139AAE1726753300FAB313 /* Icon-Small-50@2x.png */,
				BC139AAF1726753300FAB313 /* Icon-Small.png */,
				BC139AB01726753300FAB313 /* Icon-Small@2x.png */,
				BC139AB11726753300FAB313 /* Icon.png */,
				BC139AB21726753300FAB313 /* Icon@2x.png */,
				BC139AB31726753300FAB313 /* iTunesArtwork.png */,
				BC139AB41726753300FAB313 /* iTunesArtwork@2x.png */,
				BC139A4B17264DE500FAB313 /* Default.png */,
				BC139A4C17264DE500FAB313 /* Default@2x.png */,
				BC139A6E172650B000FAB313 /* Empty.htm */,
			);
			path = IconAndSplash;
			sourceTree = "<group>";
		};
		BC139A7017265A8A00FAB313 /* UtilityClasses */ = {
			isa = PBXGroup;
			children = (
				BC139A8017265B8300FAB313 /* BilbleConstant.h */,
				BC139AA117266ABF00FAB313 /* DBConnectionManager.h */,
				BC139AA217266ABF00FAB313 /* DBConnectionManager.m */,
				BC139AA417266ADF00FAB313 /* Data.h */,
				BC139AA517266ADF00FAB313 /* Data.m */,
				BC139A7417265AE200FAB313 /* PersistenceDataStore.h */,
				BC139A7517265AE200FAB313 /* PersistenceDataStore.m */,
				BC139A7617265AE200FAB313 /* Reachability.h */,
				BC139A7717265AE200FAB313 /* Reachability.m */,
				BC139A7117265A8A00FAB313 /* BibleSingletonManager.h */,
				BC139A7217265A8A00FAB313 /* BibleSingletonManager.m */,
			);
			path = UtilityClasses;
			sourceTree = "<group>";
		};
		BC139A8117265C2200FAB313 /* ResourceData */ = {
			isa = PBXGroup;
			children = (
				BC7FC158172964F60075B2D3 /* HtmlFile */,
				BC8071A01727BCD9003D0AB5 /* AudioFile */,
				BC8071991727B953003D0AB5 /* JsFile */,
				BCD05A3F1726A8BC00C23A36 /* NormalImage */,
				BCD05A431726A8BC00C23A36 /* RetinaImages */,
				BC139AA917266B6200FAB313 /* Bible.Sqlite */,
			);
			path = ResourceData;
			sourceTree = "<group>";
		};
		BC1941D0171EB5FD002FF0E0 /* mainViewClasses */ = {
			isa = PBXGroup;
			children = (
				BC8071D6172809A4003D0AB5 /* Animator.h */,
				BC8071D7172809A4003D0AB5 /* Animator.m */,
				BC8071D11728096D003D0AB5 /* MenuSliderViewController.h */,
				BC8071D21728096D003D0AB5 /* MenuSliderViewController.m */,
				BC8071D31728096E003D0AB5 /* MenuSliderViewController.xib */,
				BC1941E3171EBC1A002FF0E0 /* ModelController.h */,
				BC1941E4171EBC1A002FF0E0 /* ModelController.m */,
				BC1941E5171EBC1A002FF0E0 /* RootViewController.h */,
				BC1941E8171EBC49002FF0E0 /* RootViewController.m */,
				BC1941DB171EB6AF002FF0E0 /* PageViewController.h */,
				BC1941DC171EB6AF002FF0E0 /* PageViewController.m */,
				BCD05A3C1726A86A00C23A36 /* MenView.h */,
				BCD05A3D1726A86A00C23A36 /* MenView.m */,
				BC8071A51727BFC4003D0AB5 /* AudioClass.h */,
				BC8071A61727BFC5003D0AB5 /* AudioClass.m */,
			);
			path = mainViewClasses;
			sourceTree = "<group>";
		};
		BC7FC158172964F60075B2D3 /* HtmlFile */ = {
			isa = PBXGroup;
			children = (
				BC7FC159172964F60075B2D3 /* fonts */,
				BC7FC15E172964F60075B2D3 /* images */,
				BC7FC1AB172964F60075B2D3 /* Page_001.htm */,
				BC7FC1AC172964F60075B2D3 /* Page_002.htm */,
				BC7FC1AD172964F60075B2D3 /* Page_003.htm */,
				BC7FC1AE172964F60075B2D3 /* Page_004.htm */,
				BC7FC1AF172964F60075B2D3 /* Page_005.htm */,
				BC7FC1B0172964F60075B2D3 /* Page_006.htm */,
				BC7FC1B1172964F60075B2D3 /* Page_007.htm */,
				BC7FC1B2172964F60075B2D3 /* Page_008.htm */,
				BC7FC1B3172964F60075B2D3 /* Page_009.htm */,
				BC7FC1B4172964F60075B2D3 /* Page_010.htm */,
				BC7FC1B5172964F60075B2D3 /* Page_011.htm */,
				BC7FC1B6172964F60075B2D3 /* Page_012.htm */,
				BC7FC1B7172964F60075B2D3 /* Page_013.htm */,
				BC7FC1B8172964F60075B2D3 /* Page_014.htm */,
				BC7FC1B9172964F60075B2D3 /* Page_015.htm */,
				BC7FC1BA172964F60075B2D3 /* Page_016.htm */,
				BC7FC1BB172964F60075B2D3 /* Page_017.htm */,
				BC7FC1BC172964F60075B2D3 /* Page_018.htm */,
				BC7FC1BD172964F60075B2D3 /* Page_019.htm */,
				BC7FC1BE172964F60075B2D3 /* Page_020.htm */,
				BC7FC1BF172964F60075B2D3 /* style.css */,
			);
			path = HtmlFile;
			sourceTree = "<group>";
		};
		BC7FC159172964F60075B2D3 /* fonts */ = {
			isa = PBXGroup;
			children = (
				BC7FC15A172964F60075B2D3 /* AGaramond-Italic.otf */,
				BC7FC15B172964F60075B2D3 /* american_typewriter.ttf */,
				BC7FC15C172964F60075B2D3 /* AmericanTypewriter.otf */,
				BC7FC15D172964F60075B2D3 /* PastedGraphic-1.tiff */,
			);
			path = fonts;
			sourceTree = "<group>";
		};
		BC7FC15E172964F60075B2D3 /* images */ = {
			isa = PBXGroup;
			children = (
				BC7FC15F172964F60075B2D3 /* Audio_icon.png */,
				BC7FC160172964F60075B2D3 /* BBret 23.jpg */,
				BC7FC161172964F60075B2D3 /* BBret 24.jpg */,
				BC7FC162172964F60075B2D3 /* BBret 25.jpg */,
				BC7FC163172964F60075B2D3 /* BBret 26.jpg */,
				BC7FC164172964F60075B2D3 /* BBret 27.jpg */,
				BC7FC165172964F60075B2D3 /* BBret 28.jpg */,
				BC7FC166172964F60075B2D3 /* BBret 29.jpg */,
				BC7FC167172964F60075B2D3 /* BBret 30.jpg */,
				BC7FC168172964F60075B2D3 /* BBret 31.jpg */,
				BC7FC169172964F60075B2D3 /* BBret 32.jpg */,
				BC7FC16A172964F60075B2D3 /* BBret 33.jpg */,
				BC7FC16B172964F60075B2D3 /* BBret 34.jpg */,
				BC7FC16C172964F60075B2D3 /* BBret 35.jpg */,
				BC7FC16D172964F60075B2D3 /* BBret 36.jpg */,
				BC7FC16E172964F60075B2D3 /* BBret 37.jpg */,
				BC7FC16F172964F60075B2D3 /* BBret 38.jpg */,
				BC7FC170172964F60075B2D3 /* BBret 39.jpg */,
				BC7FC171172964F60075B2D3 /* BBret 40.jpg */,
				BC7FC172172964F60075B2D3 /* BBret 41.jpg */,
				BC7FC173172964F60075B2D3 /* BBret 42.jpg */,
				BC7FC174172964F60075B2D3 /* BBret 43.jpg */,
				BC7FC175172964F60075B2D3 /* BBret 44.jpg */,
				BC7FC176172964F60075B2D3 /* BBret 45.jpg */,
				BC7FC177172964F60075B2D3 /* BBret 46.jpg */,
				BC7FC178172964F60075B2D3 /* BBret 47.jpg */,
				BC7FC179172964F60075B2D3 /* BBret 48.jpg */,
				BC7FC17A172964F60075B2D3 /* BBret 49.jpg */,
				BC7FC17B172964F60075B2D3 /* BBret 50.jpg */,
				BC7FC17C172964F60075B2D3 /* BBret 51.jpg */,
				BC7FC17D172964F60075B2D3 /* BBret 52.jpg */,
				BC7FC17E172964F60075B2D3 /* BBret 53.jpg */,
				BC7FC17F172964F60075B2D3 /* BBret 54.jpg */,
				BC7FC180172964F60075B2D3 /* BBret 55.jpg */,
				BC7FC181172964F60075B2D3 /* BBret 56.jpg */,
				BC7FC182172964F60075B2D3 /* BBret 57.jpg */,
				BC7FC183172964F60075B2D3 /* BBret 58.jpg */,
				BC7FC184172964F60075B2D3 /* BBret 59.jpg */,
				BC7FC185172964F60075B2D3 /* BBret 60.jpg */,
				BC7FC186172964F60075B2D3 /* BBret 61.jpg */,
				BC7FC187172964F60075B2D3 /* Bbret 62.jpg */,
				BC7FC188172964F60075B2D3 /* BBret 63.jpg */,
				BC7FC189172964F60075B2D3 /* BBret 64.jpg */,
				BC7FC18A172964F60075B2D3 /* BBret 65.jpg */,
				BC7FC18B172964F60075B2D3 /* BBret 66.jpg */,
				BC7FC18C172964F60075B2D3 /* BBret 67.jpg */,
				BC7FC18D172964F60075B2D3 /* BBret 68.jpg */,
				BC7FC18E172964F60075B2D3 /* BBret 69.jpg */,
				BC7FC18F172964F60075B2D3 /* BBret 70.jpg */,
				BC7FC190172964F60075B2D3 /* BBret 71.jpg */,
				BC7FC191172964F60075B2D3 /* page_001.jpg */,
				BC7FC192172964F60075B2D3 /* page_002.jpg */,
				BC7FC193172964F60075B2D3 /* page_003.jpg */,
				BC7FC194172964F60075B2D3 /* page_004.jpg */,
				BC7FC195172964F60075B2D3 /* page_005.jpg */,
				BC7FC196172964F60075B2D3 /* page_006.jpg */,
				BC7FC197172964F60075B2D3 /* page_007.jpg */,
				BC7FC198172964F60075B2D3 /* page_008.jpg */,
				BC7FC199172964F60075B2D3 /* page_009.jpg */,
				BC7FC19A172964F60075B2D3 /* page_010.jpg */,
				BC7FC19B172964F60075B2D3 /* page_011.jpg */,
				BC7FC19C172964F60075B2D3 /* page_012.jpg */,
				BC7FC19D172964F60075B2D3 /* page_013.jpg */,
				BC7FC19E172964F60075B2D3 /* page_014.jpg */,
				BC7FC19F172964F60075B2D3 /* page_015.jpg */,
				BC7FC1A0172964F60075B2D3 /* page_016.jpg */,
				BC7FC1A1172964F60075B2D3 /* page_017.jpg */,
				BC7FC1A2172964F60075B2D3 /* page_018.jpg */,
				BC7FC1A3172964F60075B2D3 /* page_019.jpg */,
				BC7FC1A4172964F60075B2D3 /* page_020.jpg */,
				BC7FC1A5172964F60075B2D3 /* page_021.jpg */,
				BC7FC1A6172964F60075B2D3 /* page_022.jpg */,
				BC7FC1A7172964F60075B2D3 /* page_023.jpg */,
				BC7FC1A8172964F60075B2D3 /* page_024.jpg */,
				BC7FC1A9172964F60075B2D3 /* page_025.jpg */,
				BC7FC1AA172964F60075B2D3 /* Ribbon.png */,
			);
			path = images;
			sourceTree = "<group>";
		};
		BC8071991727B953003D0AB5 /* JsFile */ = {
			isa = PBXGroup;
			children = (
				BC80719D1727BA6C003D0AB5 /* jquery1_7_1.js */,
				BC80719A1727B953003D0AB5 /* selectedElement.js */,
			);
			path = JsFile;
			sourceTree = "<group>";
		};
		BC8071A01727BCD9003D0AB5 /* AudioFile */ = {
			isa = PBXGroup;
			children = (
				BC8071A11727BCD9003D0AB5 /* p3_120312.wav */,
			);
			path = AudioFile;
			sourceTree = "<group>";
		};
		BC848C55171C26A2008F14E6 = {
			isa = PBXGroup;
			children = (
				BC139AC11726756B00FAB313 /* Icon-72@2x.png */,
				BC139ABF1726755300FAB313 /* Icon-72.png */,
				BC848C67171C26A2008F14E6 /* Bible */,
				BC848C60171C26A2008F14E6 /* Frameworks */,
				BC848C5F171C26A2008F14E6 /* Products */,
			);
			sourceTree = "<group>";
		};
		BC848C5F171C26A2008F14E6 /* Products */ = {
			isa = PBXGroup;
			children = (
				BC848C5E171C26A2008F14E6 /* Bible.app */,
			);
			name = Products;
			sourceTree = "<group>";
		};
		BC848C60171C26A2008F14E6 /* Frameworks */ = {
			isa = PBXGroup;
			children = (
				BC8071A31727BF00003D0AB5 /* AVFoundation.framework */,
				BC139AA717266B1D00FAB313 /* libsqlite3.0.dylib */,
				BC139A7E17265B3600FAB313 /* SystemConfiguration.framework */,
				BC139A7C17265B0C00FAB313 /* QuartzCore.framework */,
				BC139A7A17265AED00FAB313 /* CFNetwork.framework */,
				BC848C61171C26A2008F14E6 /* UIKit.framework */,
				BC848C63171C26A2008F14E6 /* Foundation.framework */,
				BC848C65171C26A2008F14E6 /* CoreGraphics.framework */,
			);
			name = Frameworks;
			sourceTree = "<group>";
		};
		BC848C67171C26A2008F14E6 /* Bible */ = {
			isa = PBXGroup;
			children = (
				BC139A8117265C2200FAB313 /* ResourceData */,
				BC139A7017265A8A00FAB313 /* UtilityClasses */,
				BC139A4A17264DE500FAB313 /* IconAndSplash */,
				BC1941D0171EB5FD002FF0E0 /* mainViewClasses */,
				BC848C70171C26A2008F14E6 /* AppDelegate.h */,
				BC848C71171C26A2008F14E6 /* AppDelegate.m */,
				BC848C68171C26A2008F14E6 /* Supporting Files */,
			);
			path = Bible;
			sourceTree = "<group>";
		};
		BC848C68171C26A2008F14E6 /* Supporting Files */ = {
			isa = PBXGroup;
			children = (
				BC848C69171C26A2008F14E6 /* Bible-Info.plist */,
				BC848C6A171C26A2008F14E6 /* InfoPlist.strings */,
				BC848C6D171C26A2008F14E6 /* main.m */,
				BC848C6F171C26A2008F14E6 /* Bible-Prefix.pch */,
				BC848C77171C26A2008F14E6 /* Default-568h@2x.png */,
			);
			name = "Supporting Files";
			sourceTree = "<group>";
		};
		BCD05A3F1726A8BC00C23A36 /* NormalImage */ = {
			isa = PBXGroup;
			children = (
				BCD05A401726A8BC00C23A36 /* MenuViewImage */,
				BCD05A411726A8BC00C23A36 /* PageViewImages */,
			);
			path = NormalImage;
			sourceTree = "<group>";
		};
		BCD05A401726A8BC00C23A36 /* MenuViewImage */ = {
			isa = PBXGroup;
			children = (
				BCD05B981726B9A000C23A36 /* audio_btn.png */,
				BCD05B991726B9A000C23A36 /* fineprint_text.png */,
				BCD05B9A1726B9A000C23A36 /* hearpage_text.png */,
				BCD05B9B1726B9A000C23A36 /* letitread_text.png */,
				BCD05B9C1726B9A000C23A36 /* makeityourself_text.png */,
				BCD05B9D1726B9A000C23A36 /* menu_bg.png */,
				BCD05B9E1726B9A000C23A36 /* readmore_text.png */,
				BCD05B9F1726B9A000C23A36 /* share_text.png */,
				BCD05BA01726B9A000C23A36 /* stories_text.png */,
			);
			path = MenuViewImage;
			sourceTree = "<group>";
		};
		BCD05A411726A8BC00C23A36 /* PageViewImages */ = {
			isa = PBXGroup;
			children = (
				BCD05A421726A8BC00C23A36 /* Ribbon.png */,
			);
			path = PageViewImages;
			sourceTree = "<group>";
		};
		BCD05A431726A8BC00C23A36 /* RetinaImages */ = {
			isa = PBXGroup;
			children = (
				BCD05A441726A8BC00C23A36 /* MenuViewImage */,
			);
			path = RetinaImages;
			sourceTree = "<group>";
		};
		BCD05A441726A8BC00C23A36 /* MenuViewImage */ = {
			isa = PBXGroup;
			children = (
				BCD05B861726B98D00C23A36 /* audio_btn@2x.png */,
				BCD05B871726B98D00C23A36 /* fineprint_text@2x.png */,
				BCD05B881726B98D00C23A36 /* hearpage_text@2x.png */,
				BCD05B891726B98D00C23A36 /* letitread_text@2x.png */,
				BCD05B8A1726B98D00C23A36 /* makeityourself_text@2x.png */,
				BCD05B8B1726B98D00C23A36 /* menu_bg@2x.png */,
				BCD05B8C1726B98D00C23A36 /* readmore_text@2x.png */,
				BCD05B8D1726B98D00C23A36 /* share_text@2x.png */,
				BCD05B8E1726B98D00C23A36 /* stories_text@2x.png */,
			);
			path = MenuViewImage;
			sourceTree = "<group>";
		};
/* End PBXGroup section */

/* Begin PBXNativeTarget section */
		BC848C5D171C26A2008F14E6 /* Bible */ = {
			isa = PBXNativeTarget;
			buildConfigurationList = BC848C84171C26A2008F14E6 /* Build configuration list for PBXNativeTarget "Bible" */;
			buildPhases = (
				BC848C5A171C26A2008F14E6 /* Sources */,
				BC848C5B171C26A2008F14E6 /* Frameworks */,
				BC848C5C171C26A2008F14E6 /* Resources */,
			);
			buildRules = (
			);
			dependencies = (
			);
			name = Bible;
			productName = Bible;
			productReference = BC848C5E171C26A2008F14E6 /* Bible.app */;
			productType = "com.apple.product-type.application";
		};
/* End PBXNativeTarget section */

/* Begin PBXProject section */
		BC848C56171C26A2008F14E6 /* Project object */ = {
			isa = PBXProject;
			attributes = {
				LastUpgradeCheck = 0460;
				ORGANIZATIONNAME = "Ashish Awasthi";
			};
			buildConfigurationList = BC848C59171C26A2008F14E6 /* Build configuration list for PBXProject "Bible" */;
			compatibilityVersion = "Xcode 3.2";
			developmentRegion = English;
			hasScannedForEncodings = 0;
			knownRegions = (
				en,
			);
			mainGroup = BC848C55171C26A2008F14E6;
			productRefGroup = BC848C5F171C26A2008F14E6 /* Products */;
			projectDirPath = "";
			projectRoot = "";
			targets = (
				BC848C5D171C26A2008F14E6 /* Bible */,
			);
		};
/* End PBXProject section */

/* Begin PBXResourcesBuildPhase section */
		BC848C5C171C26A2008F14E6 /* Resources */ = {
			isa = PBXResourcesBuildPhase;
			buildActionMask = 2147483647;
			files = (
				BC848C6C171C26A2008F14E6 /* InfoPlist.strings in Resources */,
				BC848C78171C26A2008F14E6 /* Default-568h@2x.png in Resources */,
				BC139A4D17264DE500FAB313 /* Default.png in Resources */,
				BC80719C1727B962003D0AB5 /* selectedElement.js in Resources */,
				BC139A4E17264DE500FAB313 /* Default@2x.png in Resources */,
				BC139A6F172650B000FAB313 /* Empty.htm in Resources */,
				BC80719F1727BA75003D0AB5 /* jquery1_7_1.js in Resources */,
				BC139AAA17266B6200FAB313 /* Bible.Sqlite in Resources */,
				BC139AB51726753300FAB313 /* Icon-72.png in Resources */,
				BC139AB61726753300FAB313 /* Icon-72@2x.png in Resources */,
				BC139AB71726753300FAB313 /* Icon-Small-50.png in Resources */,
				BC139AB81726753300FAB313 /* Icon-Small-50@2x.png in Resources */,
				BC139AB91726753300FAB313 /* Icon-Small.png in Resources */,
				BC139ABA1726753300FAB313 /* Icon-Small@2x.png in Resources */,
				BC139ABB1726753300FAB313 /* Icon.png in Resources */,
				BC139ABC1726753300FAB313 /* Icon@2x.png in Resources */,
				BC139ABD1726753300FAB313 /* iTunesArtwork.png in Resources */,
				BC139ABE1726753300FAB313 /* iTunesArtwork@2x.png in Resources */,
				BC139AC01726755300FAB313 /* Icon-72.png in Resources */,
				BC139AC21726756C00FAB313 /* Icon-72@2x.png in Resources */,
				BCD05A451726A8BC00C23A36 /* Ribbon.png in Resources */,
				BCD05B8F1726B98D00C23A36 /* audio_btn@2x.png in Resources */,
				BCD05B901726B98D00C23A36 /* fineprint_text@2x.png in Resources */,
				BCD05B911726B98D00C23A36 /* hearpage_text@2x.png in Resources */,
				BCD05B921726B98D00C23A36 /* letitread_text@2x.png in Resources */,
				BCD05B931726B98D00C23A36 /* makeityourself_text@2x.png in Resources */,
				BCD05B941726B98D00C23A36 /* menu_bg@2x.png in Resources */,
				BCD05B951726B98D00C23A36 /* readmore_text@2x.png in Resources */,
				BCD05B961726B98D00C23A36 /* share_text@2x.png in Resources */,
				BCD05B971726B98D00C23A36 /* stories_text@2x.png in Resources */,
				BCD05BA11726B9A000C23A36 /* audio_btn.png in Resources */,
				BCD05BA21726B9A000C23A36 /* fineprint_text.png in Resources */,
				BCD05BA31726B9A000C23A36 /* hearpage_text.png in Resources */,
				BCD05BA41726B9A000C23A36 /* letitread_text.png in Resources */,
				BCD05BA51726B9A000C23A36 /* makeityourself_text.png in Resources */,
				BCD05BA61726B9A000C23A36 /* menu_bg.png in Resources */,
				BCD05BA71726B9A000C23A36 /* readmore_text.png in Resources */,
				BCD05BA81726B9A000C23A36 /* share_text.png in Resources */,
				BCD05BA91726B9A000C23A36 /* stories_text.png in Resources */,
				BC8071A21727BCD9003D0AB5 /* p3_120312.wav in Resources */,
				BC8071D51728096F003D0AB5 /* MenuSliderViewController.xib in Resources */,
				BC7FC1C0172964F60075B2D3 /* AGaramond-Italic.otf in Resources */,
				BC7FC1C1172964F60075B2D3 /* american_typewriter.ttf in Resources */,
				BC7FC1C2172964F60075B2D3 /* AmericanTypewriter.otf in Resources */,
				BC7FC1C3172964F60075B2D3 /* PastedGraphic-1.tiff in Resources */,
				BC7FC1C4172964F60075B2D3 /* Audio_icon.png in Resources */,
				BC7FC1C5172964F60075B2D3 /* BBret 23.jpg in Resources */,
				BC7FC1C6172964F60075B2D3 /* BBret 24.jpg in Resources */,
				BC7FC1C7172964F60075B2D3 /* BBret 25.jpg in Resources */,
				BC7FC1C8172964F60075B2D3 /* BBret 26.jpg in Resources */,
				BC7FC1C9172964F60075B2D3 /* BBret 27.jpg in Resources */,
				BC7FC1CA172964F60075B2D3 /* BBret 28.jpg in Resources */,
				BC7FC1CB172964F60075B2D3 /* BBret 29.jpg in Resources */,
				BC7FC1CC172964F60075B2D3 /* BBret 30.jpg in Resources */,
				BC7FC1CD172964F60075B2D3 /* BBret 31.jpg in Resources */,
				BC7FC1CE172964F60075B2D3 /* BBret 32.jpg in Resources */,
				BC7FC1CF172964F60075B2D3 /* BBret 33.jpg in Resources */,
				BC7FC1D0172964F60075B2D3 /* BBret 34.jpg in Resources */,
				BC7FC1D1172964F60075B2D3 /* BBret 35.jpg in Resources */,
				BC7FC1D2172964F60075B2D3 /* BBret 36.jpg in Resources */,
				BC7FC1D3172964F60075B2D3 /* BBret 37.jpg in Resources */,
				BC7FC1D4172964F60075B2D3 /* BBret 38.jpg in Resources */,
				BC7FC1D5172964F60075B2D3 /* BBret 39.jpg in Resources */,
				BC7FC1D6172964F60075B2D3 /* BBret 40.jpg in Resources */,
				BC7FC1D7172964F60075B2D3 /* BBret 41.jpg in Resources */,
				BC7FC1D8172964F60075B2D3 /* BBret 42.jpg in Resources */,
				BC7FC1D9172964F60075B2D3 /* BBret 43.jpg in Resources */,
				BC7FC1DA172964F60075B2D3 /* BBret 44.jpg in Resources */,
				BC7FC1DB172964F60075B2D3 /* BBret 45.jpg in Resources */,
				BC7FC1DC172964F60075B2D3 /* BBret 46.jpg in Resources */,
				BC7FC1DD172964F60075B2D3 /* BBret 47.jpg in Resources */,
				BC7FC1DE172964F60075B2D3 /* BBret 48.jpg in Resources */,
				BC7FC1DF172964F60075B2D3 /* BBret 49.jpg in Resources */,
				BC7FC1E0172964F60075B2D3 /* BBret 50.jpg in Resources */,
				BC7FC1E1172964F60075B2D3 /* BBret 51.jpg in Resources */,
				BC7FC1E2172964F60075B2D3 /* BBret 52.jpg in Resources */,
				BC7FC1E3172964F60075B2D3 /* BBret 53.jpg in Resources */,
				BC7FC1E4172964F60075B2D3 /* BBret 54.jpg in Resources */,
				BC7FC1E5172964F60075B2D3 /* BBret 55.jpg in Resources */,
				BC7FC1E6172964F60075B2D3 /* BBret 56.jpg in Resources */,
				BC7FC1E7172964F60075B2D3 /* BBret 57.jpg in Resources */,
				BC7FC1E8172964F60075B2D3 /* BBret 58.jpg in Resources */,
				BC7FC1E9172964F60075B2D3 /* BBret 59.jpg in Resources */,
				BC7FC1EA172964F60075B2D3 /* BBret 60.jpg in Resources */,
				BC7FC1EB172964F60075B2D3 /* BBret 61.jpg in Resources */,
				BC7FC1EC172964F60075B2D3 /* Bbret 62.jpg in Resources */,
				BC7FC1ED172964F60075B2D3 /* BBret 63.jpg in Resources */,
				BC7FC1EE172964F60075B2D3 /* BBret 64.jpg in Resources */,
				BC7FC1EF172964F60075B2D3 /* BBret 65.jpg in Resources */,
				BC7FC1F0172964F60075B2D3 /* BBret 66.jpg in Resources */,
				BC7FC1F1172964F60075B2D3 /* BBret 67.jpg in Resources */,
				BC7FC1F2172964F60075B2D3 /* BBret 68.jpg in Resources */,
				BC7FC1F3172964F60075B2D3 /* BBret 69.jpg in Resources */,
				BC7FC1F4172964F60075B2D3 /* BBret 70.jpg in Resources */,
				BC7FC1F5172964F60075B2D3 /* BBret 71.jpg in Resources */,
				BC7FC1F6172964F60075B2D3 /* page_001.jpg in Resources */,
				BC7FC1F7172964F60075B2D3 /* page_002.jpg in Resources */,
				BC7FC1F8172964F60075B2D3 /* page_003.jpg in Resources */,
				BC7FC1F9172964F60075B2D3 /* page_004.jpg in Resources */,
				BC7FC1FA172964F60075B2D3 /* page_005.jpg in Resources */,
				BC7FC1FB172964F60075B2D3 /* page_006.jpg in Resources */,
				BC7FC1FC172964F60075B2D3 /* page_007.jpg in Resources */,
				BC7FC1FD172964F60075B2D3 /* page_008.jpg in Resources */,
				BC7FC1FE172964F60075B2D3 /* page_009.jpg in Resources */,
				BC7FC1FF172964F60075B2D3 /* page_010.jpg in Resources */,
				BC7FC200172964F60075B2D3 /* page_011.jpg in Resources */,
				BC7FC201172964F60075B2D3 /* page_012.jpg in Resources */,
				BC7FC202172964F60075B2D3 /* page_013.jpg in Resources */,
				BC7FC203172964F60075B2D3 /* page_014.jpg in Resources */,
				BC7FC204172964F60075B2D3 /* page_015.jpg in Resources */,
				BC7FC205172964F60075B2D3 /* page_016.jpg in Resources */,
				BC7FC206172964F60075B2D3 /* page_017.jpg in Resources */,
				BC7FC207172964F60075B2D3 /* page_018.jpg in Resources */,
				BC7FC208172964F60075B2D3 /* page_019.jpg in Resources */,
				BC7FC209172964F60075B2D3 /* page_020.jpg in Resources */,
				BC7FC20A172964F60075B2D3 /* page_021.jpg in Resources */,
				BC7FC20B172964F60075B2D3 /* page_022.jpg in Resources */,
				BC7FC20C172964F60075B2D3 /* page_023.jpg in Resources */,
				BC7FC20D172964F60075B2D3 /* page_024.jpg in Resources */,
				BC7FC20E172964F60075B2D3 /* page_025.jpg in Resources */,
				BC7FC20F172964F60075B2D3 /* Ribbon.png in Resources */,
				BC7FC210172964F60075B2D3 /* Page_001.htm in Resources */,
				BC7FC211172964F60075B2D3 /* Page_002.htm in Resources */,
				BC7FC212172964F60075B2D3 /* Page_003.htm in Resources */,
				BC7FC213172964F60075B2D3 /* Page_004.htm in Resources */,
				BC7FC214172964F60075B2D3 /* Page_005.htm in Resources */,
				BC7FC215172964F60075B2D3 /* Page_006.htm in Resources */,
				BC7FC216172964F60075B2D3 /* Page_007.htm in Resources */,
				BC7FC217172964F60075B2D3 /* Page_008.htm in Resources */,
				BC7FC218172964F60075B2D3 /* Page_009.htm in Resources */,
				BC7FC219172964F60075B2D3 /* Page_010.htm in Resources */,
				BC7FC21A172964F60075B2D3 /* Page_011.htm in Resources */,
				BC7FC21B172964F60075B2D3 /* Page_012.htm in Resources */,
				BC7FC21C172964F60075B2D3 /* Page_013.htm in Resources */,
				BC7FC21D172964F60075B2D3 /* Page_014.htm in Resources */,
				BC7FC21E172964F60075B2D3 /* Page_015.htm in Resources */,
				BC7FC21F172964F60075B2D3 /* Page_016.htm in Resources */,
				BC7FC220172964F60075B2D3 /* Page_017.htm in Resources */,
				BC7FC221172964F60075B2D3 /* Page_018.htm in Resources */,
				BC7FC222172964F60075B2D3 /* Page_019.htm in Resources */,
				BC7FC223172964F60075B2D3 /* Page_020.htm in Resources */,
				BC7FC224172964F60075B2D3 /* style.css in Resources */,
			);
			runOnlyForDeploymentPostprocessing = 0;
		};
/* End PBXResourcesBuildPhase section */

/* Begin PBXSourcesBuildPhase section */
		BC848C5A171C26A2008F14E6 /* Sources */ = {
			isa = PBXSourcesBuildPhase;
			buildActionMask = 2147483647;
			files = (
				BC848C6E171C26A2008F14E6 /* main.m in Sources */,
				BC848C72171C26A2008F14E6 /* AppDelegate.m in Sources */,
				BC1941DD171EB6AF002FF0E0 /* PageViewController.m in Sources */,
				BC1941E7171EBC1A002FF0E0 /* ModelController.m in Sources */,
				BC1941E9171EBC49002FF0E0 /* RootViewController.m in Sources */,
				BC139A7317265A8A00FAB313 /* BibleSingletonManager.m in Sources */,
				BC139A7817265AE200FAB313 /* PersistenceDataStore.m in Sources */,
				BC139A7917265AE200FAB313 /* Reachability.m in Sources */,
				BC139AA317266ABF00FAB313 /* DBConnectionManager.m in Sources */,
				BC139AA617266ADF00FAB313 /* Data.m in Sources */,
				BCD05A3E1726A86A00C23A36 /* MenView.m in Sources */,
				BC80719B1727B953003D0AB5 /* selectedElement.js in Sources */,
				BC80719E1727BA6C003D0AB5 /* jquery1_7_1.js in Sources */,
				BC8071A71727BFC5003D0AB5 /* AudioClass.m in Sources */,
				BC8071D41728096F003D0AB5 /* MenuSliderViewController.m in Sources */,
				BC8071D8172809A5003D0AB5 /* Animator.m in Sources */,
			);
			runOnlyForDeploymentPostprocessing = 0;
		};
/* End PBXSourcesBuildPhase section */

/* Begin PBXVariantGroup section */
		BC848C6A171C26A2008F14E6 /* InfoPlist.strings */ = {
			isa = PBXVariantGroup;
			children = (
				BC848C6B171C26A2008F14E6 /* en */,
			);
			name = InfoPlist.strings;
			sourceTree = "<group>";
		};
/* End PBXVariantGroup section */

/* Begin XCBuildConfiguration section */
		BC848C82171C26A2008F14E6 /* Debug */ = {
			isa = XCBuildConfiguration;
			buildSettings = {
				ALWAYS_SEARCH_USER_PATHS = NO;
				CLANG_CXX_LANGUAGE_STANDARD = "gnu++0x";
				CLANG_CXX_LIBRARY = "libc++";
				CLANG_WARN_CONSTANT_CONVERSION = YES;
				CLANG_WARN_EMPTY_BODY = YES;
				CLANG_WARN_ENUM_CONVERSION = YES;
				CLANG_WARN_INT_CONVERSION = YES;
				CLANG_WARN__DUPLICATE_METHOD_MATCH = YES;
				"CODE_SIGN_IDENTITY[sdk=iphoneos*]" = "iPhone Developer";
				COPY_PHASE_STRIP = NO;
				GCC_C_LANGUAGE_STANDARD = gnu99;
				GCC_DYNAMIC_NO_PIC = NO;
				GCC_OPTIMIZATION_LEVEL = 0;
				GCC_PREPROCESSOR_DEFINITIONS = (
					"DEBUG=1",
					"$(inherited)",
				);
				GCC_SYMBOLS_PRIVATE_EXTERN = NO;
				GCC_WARN_ABOUT_RETURN_TYPE = YES;
				GCC_WARN_UNINITIALIZED_AUTOS = YES;
				GCC_WARN_UNUSED_VARIABLE = YES;
				IPHONEOS_DEPLOYMENT_TARGET = 6.1;
				ONLY_ACTIVE_ARCH = YES;
				SDKROOT = iphoneos;
				TARGETED_DEVICE_FAMILY = "1,2";
			};
			name = Debug;
		};
		BC848C83171C26A2008F14E6 /* Release */ = {
			isa = XCBuildConfiguration;
			buildSettings = {
				ALWAYS_SEARCH_USER_PATHS = NO;
				CLANG_CXX_LANGUAGE_STANDARD = "gnu++0x";
				CLANG_CXX_LIBRARY = "libc++";
				CLANG_WARN_CONSTANT_CONVERSION = YES;
				CLANG_WARN_EMPTY_BODY = YES;
				CLANG_WARN_ENUM_CONVERSION = YES;
				CLANG_WARN_INT_CONVERSION = YES;
				CLANG_WARN__DUPLICATE_METHOD_MATCH = YES;
				"CODE_SIGN_IDENTITY[sdk=iphoneos*]" = "iPhone Developer";
				COPY_PHASE_STRIP = YES;
				GCC_C_LANGUAGE_STANDARD = gnu99;
				GCC_WARN_ABOUT_RETURN_TYPE = YES;
				GCC_WARN_UNINITIALIZED_AUTOS = YES;
				GCC_WARN_UNUSED_VARIABLE = YES;
				IPHONEOS_DEPLOYMENT_TARGET = 6.1;
				OTHER_CFLAGS = "-DNS_BLOCK_ASSERTIONS=1";
				SDKROOT = iphoneos;
				TARGETED_DEVICE_FAMILY = "1,2";
				VALIDATE_PRODUCT = YES;
			};
			name = Release;
		};
		BC848C85171C26A2008F14E6 /* Debug */ = {
			isa = XCBuildConfiguration;
			buildSettings = {
				GCC_PRECOMPILE_PREFIX_HEADER = YES;
				GCC_PREFIX_HEADER = "Bible/Bible-Prefix.pch";
				INFOPLIST_FILE = "Bible/Bible-Info.plist";
				IPHONEOS_DEPLOYMENT_TARGET = 4.3;
				PRODUCT_NAME = "$(TARGET_NAME)";
				WRAPPER_EXTENSION = app;
			};
			name = Debug;
		};
		BC848C86171C26A2008F14E6 /* Release */ = {
			isa = XCBuildConfiguration;
			buildSettings = {
				GCC_PRECOMPILE_PREFIX_HEADER = YES;
				GCC_PREFIX_HEADER = "Bible/Bible-Prefix.pch";
				INFOPLIST_FILE = "Bible/Bible-Info.plist";
				IPHONEOS_DEPLOYMENT_TARGET = 4.3;
				PRODUCT_NAME = "$(TARGET_NAME)";
				WRAPPER_EXTENSION = app;
			};
			name = Release;
		};
/* End XCBuildConfiguration section */

/* Begin XCConfigurationList section */
		BC848C59171C26A2008F14E6 /* Build configuration list for PBXProject "Bible" */ = {
			isa = XCConfigurationList;
			buildConfigurations = (
				BC848C82171C26A2008F14E6 /* Debug */,
				BC848C83171C26A2008F14E6 /* Release */,
			);
			defaultConfigurationIsVisible = 0;
			defaultConfigurationName = Release;
		};
		BC848C84171C26A2008F14E6 /* Build configuration list for PBXNativeTarget "Bible" */ = {
			isa = XCConfigurationList;
			buildConfigurations = (
				BC848C85171C26A2008F14E6 /* Debug */,
				BC848C86171C26A2008F14E6 /* Release */,
			);
			defaultConfigurationIsVisible = 0;
			defaultConfigurationName = Release;
		};
/* End XCConfigurationList section */
	};
	rootObject = BC848C56171C26A2008F14E6 /* Project object */;
}
