// !$*UTF8*$!
{
	archiveVersion = 1;
	classes = {
	};
	objectVersion = 46;
	objects = {

/* Begin PBXBuildFile section */
		BC139A4D17264DE500FAB313 /* Default.png in Resources */ = {isa = PBXBuildFile; fileRef = BC139A4B17264DE500FAB313 /* Default.png */; };
		BC139A4E17264DE500FAB313 /* Default@2x.png in Resources */ = {isa = PBXBuildFile; fileRef = BC139A4C17264DE500FAB313 /* Default@2x.png */; };
		BC139A6F172650B000FAB313 /* Empty.htm in Resources */ = {isa = PBXBuildFile; fileRef = BC139A6E172650B000FAB313 /* Empty.htm */; };
		BC139A7317265A8A00FAB313 /* BibleSingletonManager.m in Sources */ = {isa = PBXBuildFile; fileRef = BC139A7217265A8A00FAB313 /* BibleSingletonManager.m */; };
		BC139A7817265AE200FAB313 /* PersistenceDataStore.m in Sources */ = {isa = PBXBuildFile; fileRef = BC139A7517265AE200FAB313 /* PersistenceDataStore.m */; };
		BC139A7917265AE200FAB313 /* Reachability.m in Sources */ = {isa = PBXBuildFile; fileRef = BC139A7717265AE200FAB313 /* Reachability.m */; };
		BC139A7B17265AED00FAB313 /* CFNetwork.framework in Frameworks */ = {isa = PBXBuildFile; fileRef = BC139A7A17265AED00FAB313 /* CFNetwork.framework */; };
		BC139A7D17265B0C00FAB313 /* QuartzCore.framework in Frameworks */ = {isa = PBXBuildFile; fileRef = BC139A7C17265B0C00FAB313 /* QuartzCore.framework */; };
		BC139A7F17265B3600FAB313 /* SystemConfiguration.framework in Frameworks */ = {isa = PBXBuildFile; fileRef = BC139A7E17265B3600FAB313 /* SystemConfiguration.framework */; };
		BC139AA317266ABF00FAB313 /* DBConnectionManager.m in Sources */ = {isa = PBXBuildFile; fileRef = BC139AA217266ABF00FAB313 /* DBConnectionManager.m */; };
		BC139AA617266ADF00FAB313 /* Data.m in Sources */ = {isa = PBXBuildFile; fileRef = BC139AA517266ADF00FAB313 /* Data.m */; };
		BC139AA817266B1D00FAB313 /* libsqlite3.0.dylib in Frameworks */ = {isa = PBXBuildFile; fileRef = BC139AA717266B1D00FAB313 /* libsqlite3.0.dylib */; };
		BC139AAA17266B6200FAB313 /* Bible.Sqlite in Resources */ = {isa = PBXBuildFile; fileRef = BC139AA917266B6200FAB313 /* Bible.Sqlite */; };
		BC139AB51726753300FAB313 /* Icon-72.png in Resources */ = {isa = PBXBuildFile; fileRef = BC139AAB1726753200FAB313 /* Icon-72.png */; };
		BC139AB61726753300FAB313 /* Icon-72@2x.png in Resources */ = {isa = PBXBuildFile; fileRef = BC139AAC1726753300FAB313 /* Icon-72@2x.png */; };
		BC139AB71726753300FAB313 /* Icon-Small-50.png in Resources */ = {isa = PBXBuildFile; fileRef = BC139AAD1726753300FAB313 /* Icon-Small-50.png */; };
		BC139AB81726753300FAB313 /* Icon-Small-50@2x.png in Resources */ = {isa = PBXBuildFile; fileRef = BC139AAE1726753300FAB313 /* Icon-Small-50@2x.png */; };
		BC139AB91726753300FAB313 /* Icon-Small.png in Resources */ = {isa = PBXBuildFile; fileRef = BC139AAF1726753300FAB313 /* Icon-Small.png */; };
		BC139ABA1726753300FAB313 /* Icon-Small@2x.png in Resources */ = {isa = PBXBuildFile; fileRef = BC139AB01726753300FAB313 /* Icon-Small@2x.png */; };
		BC139ABB1726753300FAB313 /* Icon.png in Resources */ = {isa = PBXBuildFile; fileRef = BC139AB11726753300FAB313 /* Icon.png */; };
		BC139ABC1726753300FAB313 /* Icon@2x.png in Resources */ = {isa = PBXBuildFile; fileRef = BC139AB21726753300FAB313 /* Icon@2x.png */; };
		BC139ABD1726753300FAB313 /* iTunesArtwork.png in Resources */ = {isa = PBXBuildFile; fileRef = BC139AB31726753300FAB313 /* iTunesArtwork.png */; };
		BC139ABE1726753300FAB313 /* iTunesArtwork@2x.png in Resources */ = {isa = PBXBuildFile; fileRef = BC139AB41726753300FAB313 /* iTunesArtwork@2x.png */; };
		BC1941DD171EB6AF002FF0E0 /* PageViewController.m in Sources */ = {isa = PBXBuildFile; fileRef = BC1941DC171EB6AF002FF0E0 /* PageViewController.m */; };
		BC1941E7171EBC1A002FF0E0 /* ModelController.m in Sources */ = {isa = PBXBuildFile; fileRef = BC1941E4171EBC1A002FF0E0 /* ModelController.m */; };
		BC1941E9171EBC49002FF0E0 /* RootViewController.m in Sources */ = {isa = PBXBuildFile; fileRef = BC1941E8171EBC49002FF0E0 /* RootViewController.m */; };
		BC80719B1727B953003D0AB5 /* selectedElement.js in Sources */ = {isa = PBXBuildFile; fileRef = BC80719A1727B953003D0AB5 /* selectedElement.js */; };
		BC80719C1727B962003D0AB5 /* selectedElement.js in Resources */ = {isa = PBXBuildFile; fileRef = BC80719A1727B953003D0AB5 /* selectedElement.js */; };
		BC80719E1727BA6C003D0AB5 /* jquery1_7_1.js in Sources */ = {isa = PBXBuildFile; fileRef = BC80719D1727BA6C003D0AB5 /* jquery1_7_1.js */; };
		BC80719F1727BA75003D0AB5 /* jquery1_7_1.js in Resources */ = {isa = PBXBuildFile; fileRef = BC80719D1727BA6C003D0AB5 /* jquery1_7_1.js */; };
		BC8071A21727BCD9003D0AB5 /* p3_120312.wav in Resources */ = {isa = PBXBuildFile; fileRef = BC8071A11727BCD9003D0AB5 /* p3_120312.wav */; };
		BC8071A41727BF00003D0AB5 /* AVFoundation.framework in Frameworks */ = {isa = PBXBuildFile; fileRef = BC8071A31727BF00003D0AB5 /* AVFoundation.framework */; };
		BC8071A71727BFC5003D0AB5 /* AudioClass.m in Sources */ = {isa = PBXBuildFile; fileRef = BC8071A61727BFC5003D0AB5 /* AudioClass.m */; };
		BC8071D41728096F003D0AB5 /* MenuSliderViewController.m in Sources */ = {isa = PBXBuildFile; fileRef = BC8071D21728096D003D0AB5 /* MenuSliderViewController.m */; };
		BC8071D51728096F003D0AB5 /* MenuSliderViewController.xib in Resources */ = {isa = PBXBuildFile; fileRef = BC8071D31728096E003D0AB5 /* MenuSliderViewController.xib */; };
		BC8071D8172809A5003D0AB5 /* Animator.m in Sources */ = {isa = PBXBuildFile; fileRef = BC8071D7172809A4003D0AB5 /* Animator.m */; };
		BC848C62171C26A2008F14E6 /* UIKit.framework in Frameworks */ = {isa = PBXBuildFile; fileRef = BC848C61171C26A2008F14E6 /* UIKit.framework */; };
		BC848C64171C26A2008F14E6 /* Foundation.framework in Frameworks */ = {isa = PBXBuildFile; fileRef = BC848C63171C26A2008F14E6 /* Foundation.framework */; };
		BC848C66171C26A2008F14E6 /* CoreGraphics.framework in Frameworks */ = {isa = PBXBuildFile; fileRef = BC848C65171C26A2008F14E6 /* CoreGraphics.framework */; };
		BC848C6C171C26A2008F14E6 /* InfoPlist.strings in Resources */ = {isa = PBXBuildFile; fileRef = BC848C6A171C26A2008F14E6 /* InfoPlist.strings */; };
		BC848C6E171C26A2008F14E6 /* main.m in Sources */ = {isa = PBXBuildFile; fileRef = BC848C6D171C26A2008F14E6 /* main.m */; };
		BC848C72171C26A2008F14E6 /* AppDelegate.m in Sources */ = {isa = PBXBuildFile; fileRef = BC848C71171C26A2008F14E6 /* AppDelegate.m */; };
		BC848C78171C26A2008F14E6 /* Default-568h@2x.png in Resources */ = {isa = PBXBuildFile; fileRef = BC848C77171C26A2008F14E6 /* Default-568h@2x.png */; };
		BC853078172E623500E35A0C /* OBShapedButton.m in Sources */ = {isa = PBXBuildFile; fileRef = BC853075172E623500E35A0C /* OBShapedButton.m */; };
		BC853079172E623500E35A0C /* UIImage+ColorAtPixel.m in Sources */ = {isa = PBXBuildFile; fileRef = BC853077172E623500E35A0C /* UIImage+ColorAtPixel.m */; };
		BCD05A3E1726A86A00C23A36 /* MenView.m in Sources */ = {isa = PBXBuildFile; fileRef = BCD05A3D1726A86A00C23A36 /* MenView.m */; };
		BCD05A451726A8BC00C23A36 /* Ribbon.png in Resources */ = {isa = PBXBuildFile; fileRef = BCD05A421726A8BC00C23A36 /* Ribbon.png */; };
		BCD05B8F1726B98D00C23A36 /* audio_btn@2x.png in Resources */ = {isa = PBXBuildFile; fileRef = BCD05B861726B98D00C23A36 /* audio_btn@2x.png */; };
		BCD05B901726B98D00C23A36 /* fineprint_text@2x.png in Resources */ = {isa = PBXBuildFile; fileRef = BCD05B871726B98D00C23A36 /* fineprint_text@2x.png */; };
		BCD05B911726B98D00C23A36 /* hearpage_text@2x.png in Resources */ = {isa = PBXBuildFile; fileRef = BCD05B881726B98D00C23A36 /* hearpage_text@2x.png */; };
		BCD05B921726B98D00C23A36 /* letitread_text@2x.png in Resources */ = {isa = PBXBuildFile; fileRef = BCD05B891726B98D00C23A36 /* letitread_text@2x.png */; };
		BCD05B931726B98D00C23A36 /* makeityourself_text@2x.png in Resources */ = {isa = PBXBuildFile; fileRef = BCD05B8A1726B98D00C23A36 /* makeityourself_text@2x.png */; };
		BCD05B941726B98D00C23A36 /* menu_bg@2x.png in Resources */ = {isa = PBXBuildFile; fileRef = BCD05B8B1726B98D00C23A36 /* menu_bg@2x.png */; };
		BCD05B951726B98D00C23A36 /* readmore_text@2x.png in Resources */ = {isa = PBXBuildFile; fileRef = BCD05B8C1726B98D00C23A36 /* readmore_text@2x.png */; };
		BCD05B961726B98D00C23A36 /* share_text@2x.png in Resources */ = {isa = PBXBuildFile; fileRef = BCD05B8D1726B98D00C23A36 /* share_text@2x.png */; };
		BCD05B971726B98D00C23A36 /* stories_text@2x.png in Resources */ = {isa = PBXBuildFile; fileRef = BCD05B8E1726B98D00C23A36 /* stories_text@2x.png */; };
		BCD05BA11726B9A000C23A36 /* audio_btn.png in Resources */ = {isa = PBXBuildFile; fileRef = BCD05B981726B9A000C23A36 /* audio_btn.png */; };
		BCD05BA21726B9A000C23A36 /* fineprint_text.png in Resources */ = {isa = PBXBuildFile; fileRef = BCD05B991726B9A000C23A36 /* fineprint_text.png */; };
		BCD05BA31726B9A000C23A36 /* hearpage_text.png in Resources */ = {isa = PBXBuildFile; fileRef = BCD05B9A1726B9A000C23A36 /* hearpage_text.png */; };
		BCD05BA41726B9A000C23A36 /* letitread_text.png in Resources */ = {isa = PBXBuildFile; fileRef = BCD05B9B1726B9A000C23A36 /* letitread_text.png */; };
		BCD05BA51726B9A000C23A36 /* makeityourself_text.png in Resources */ = {isa = PBXBuildFile; fileRef = BCD05B9C1726B9A000C23A36 /* makeityourself_text.png */; };
		BCD05BA61726B9A000C23A36 /* menu_bg.png in Resources */ = {isa = PBXBuildFile; fileRef = BCD05B9D1726B9A000C23A36 /* menu_bg.png */; };
		BCD05BA71726B9A000C23A36 /* readmore_text.png in Resources */ = {isa = PBXBuildFile; fileRef = BCD05B9E1726B9A000C23A36 /* readmore_text.png */; };
		BCD05BA81726B9A000C23A36 /* share_text.png in Resources */ = {isa = PBXBuildFile; fileRef = BCD05B9F1726B9A000C23A36 /* share_text.png */; };
		BCD05BA91726B9A000C23A36 /* stories_text.png in Resources */ = {isa = PBXBuildFile; fileRef = BCD05BA01726B9A000C23A36 /* stories_text.png */; };
		BCFEBA8F172A9D9A00006638 /* AGaramond-Italic.otf in Resources */ = {isa = PBXBuildFile; fileRef = BCFEBA42172A9D9A00006638 /* AGaramond-Italic.otf */; };
		BCFEBA90172A9D9A00006638 /* american_typewriter.ttf in Resources */ = {isa = PBXBuildFile; fileRef = BCFEBA43172A9D9A00006638 /* american_typewriter.ttf */; };
		BCFEBA91172A9D9A00006638 /* AmericanTypewriter.otf in Resources */ = {isa = PBXBuildFile; fileRef = BCFEBA44172A9D9A00006638 /* AmericanTypewriter.otf */; };
		BCFEBA92172A9D9A00006638 /* PastedGraphic-1.tiff in Resources */ = {isa = PBXBuildFile; fileRef = BCFEBA45172A9D9A00006638 /* PastedGraphic-1.tiff */; };
		BCFEBAAA172A9D9A00006638 /* Audio_icon.png in Resources */ = {isa = PBXBuildFile; fileRef = BCFEBA5F172A9D9A00006638 /* Audio_icon.png */; };
		BCFEBAAB172A9D9A00006638 /* firstPage.jpg in Resources */ = {isa = PBXBuildFile; fileRef = BCFEBA60172A9D9A00006638 /* firstPage.jpg */; };
		BCFEBAAC172A9D9A00006638 /* page_002.jpg in Resources */ = {isa = PBXBuildFile; fileRef = BCFEBA61172A9D9A00006638 /* page_002.jpg */; };
		BCFEBAAD172A9D9A00006638 /* page_003.jpg in Resources */ = {isa = PBXBuildFile; fileRef = BCFEBA62172A9D9A00006638 /* page_003.jpg */; };
		BCFEBAAE172A9D9A00006638 /* page_004.jpg in Resources */ = {isa = PBXBuildFile; fileRef = BCFEBA63172A9D9A00006638 /* page_004.jpg */; };
		BCFEBAAF172A9D9A00006638 /* page_005.jpg in Resources */ = {isa = PBXBuildFile; fileRef = BCFEBA64172A9D9A00006638 /* page_005.jpg */; };
		BCFEBAB0172A9D9A00006638 /* page_006.jpg in Resources */ = {isa = PBXBuildFile; fileRef = BCFEBA65172A9D9A00006638 /* page_006.jpg */; };
		BCFEBAB1172A9D9A00006638 /* page_007.jpg in Resources */ = {isa = PBXBuildFile; fileRef = BCFEBA66172A9D9A00006638 /* page_007.jpg */; };
		BCFEBAB2172A9D9A00006638 /* page_008.jpg in Resources */ = {isa = PBXBuildFile; fileRef = BCFEBA67172A9D9A00006638 /* page_008.jpg */; };
		BCFEBAB3172A9D9A00006638 /* page_009.jpg in Resources */ = {isa = PBXBuildFile; fileRef = BCFEBA68172A9D9A00006638 /* page_009.jpg */; };
		BCFEBAB4172A9D9A00006638 /* page_010.jpg in Resources */ = {isa = PBXBuildFile; fileRef = BCFEBA69172A9D9A00006638 /* page_010.jpg */; };
		BCFEBAB5172A9D9A00006638 /* page_011.jpg in Resources */ = {isa = PBXBuildFile; fileRef = BCFEBA6A172A9D9A00006638 /* page_011.jpg */; };
		BCFEBAB6172A9D9A00006638 /* page_012.jpg in Resources */ = {isa = PBXBuildFile; fileRef = BCFEBA6B172A9D9A00006638 /* page_012.jpg */; };
		BCFEBAB7172A9D9A00006638 /* page_013.jpg in Resources */ = {isa = PBXBuildFile; fileRef = BCFEBA6C172A9D9A00006638 /* page_013.jpg */; };
		BCFEBAB8172A9D9A00006638 /* page_014.jpg in Resources */ = {isa = PBXBuildFile; fileRef = BCFEBA6D172A9D9A00006638 /* page_014.jpg */; };
		BCFEBAB9172A9D9A00006638 /* page_015.jpg in Resources */ = {isa = PBXBuildFile; fileRef = BCFEBA6E172A9D9A00006638 /* page_015.jpg */; };
		BCFEBABA172A9D9A00006638 /* page_016.jpg in Resources */ = {isa = PBXBuildFile; fileRef = BCFEBA6F172A9D9A00006638 /* page_016.jpg */; };
		BCFEBABB172A9D9A00006638 /* page_017.jpg in Resources */ = {isa = PBXBuildFile; fileRef = BCFEBA70172A9D9A00006638 /* page_017.jpg */; };
		BCFEBABC172A9D9A00006638 /* page_018.jpg in Resources */ = {isa = PBXBuildFile; fileRef = BCFEBA71172A9D9A00006638 /* page_018.jpg */; };
		BCFEBABD172A9D9A00006638 /* page_019.jpg in Resources */ = {isa = PBXBuildFile; fileRef = BCFEBA72172A9D9A00006638 /* page_019.jpg */; };
		BCFEBABE172A9D9A00006638 /* page_020.jpg in Resources */ = {isa = PBXBuildFile; fileRef = BCFEBA73172A9D9A00006638 /* page_020.jpg */; };
		BCFEBABF172A9D9A00006638 /* Ribbon.png in Resources */ = {isa = PBXBuildFile; fileRef = BCFEBA74172A9D9A00006638 /* Ribbon.png */; };
		BCFEBAC0172A9D9A00006638 /* Page_001.htm in Resources */ = {isa = PBXBuildFile; fileRef = BCFEBA75172A9D9A00006638 /* Page_001.htm */; };
		BCFEBAC1172A9D9A00006638 /* Page_002.htm in Resources */ = {isa = PBXBuildFile; fileRef = BCFEBA76172A9D9A00006638 /* Page_002.htm */; };
		BCFEBAC2172A9D9A00006638 /* Page_003.htm in Resources */ = {isa = PBXBuildFile; fileRef = BCFEBA77172A9D9A00006638 /* Page_003.htm */; };
		BCFEBAC3172A9D9A00006638 /* Page_004.htm in Resources */ = {isa = PBXBuildFile; fileRef = BCFEBA78172A9D9A00006638 /* Page_004.htm */; };
		BCFEBAC4172A9D9A00006638 /* Page_005.htm in Resources */ = {isa = PBXBuildFile; fileRef = BCFEBA79172A9D9A00006638 /* Page_005.htm */; };
		BCFEBAC5172A9D9A00006638 /* Page_006.htm in Resources */ = {isa = PBXBuildFile; fileRef = BCFEBA7A172A9D9A00006638 /* Page_006.htm */; };
		BCFEBAC6172A9D9A00006638 /* Page_007.htm in Resources */ = {isa = PBXBuildFile; fileRef = BCFEBA7B172A9D9A00006638 /* Page_007.htm */; };
		BCFEBAC7172A9D9A00006638 /* Page_008.htm in Resources */ = {isa = PBXBuildFile; fileRef = BCFEBA7C172A9D9A00006638 /* Page_008.htm */; };
		BCFEBAC8172A9D9A00006638 /* Page_009.htm in Resources */ = {isa = PBXBuildFile; fileRef = BCFEBA7D172A9D9A00006638 /* Page_009.htm */; };
		BCFEBAC9172A9D9A00006638 /* Page_010.htm in Resources */ = {isa = PBXBuildFile; fileRef = BCFEBA7E172A9D9A00006638 /* Page_010.htm */; };
		BCFEBACA172A9D9A00006638 /* Page_011.htm in Resources */ = {isa = PBXBuildFile; fileRef = BCFEBA7F172A9D9A00006638 /* Page_011.htm */; };
		BCFEBACB172A9D9A00006638 /* Page_012.htm in Resources */ = {isa = PBXBuildFile; fileRef = BCFEBA80172A9D9A00006638 /* Page_012.htm */; };
		BCFEBACC172A9D9A00006638 /* Page_013.htm in Resources */ = {isa = PBXBuildFile; fileRef = BCFEBA81172A9D9A00006638 /* Page_013.htm */; };
		BCFEBACD172A9D9A00006638 /* Page_014.htm in Resources */ = {isa = PBXBuildFile; fileRef = BCFEBA82172A9D9A00006638 /* Page_014.htm */; };
		BCFEBACE172A9D9A00006638 /* Page_015.htm in Resources */ = {isa = PBXBuildFile; fileRef = BCFEBA83172A9D9A00006638 /* Page_015.htm */; };
		BCFEBACF172A9D9A00006638 /* Page_016.htm in Resources */ = {isa = PBXBuildFile; fileRef = BCFEBA84172A9D9A00006638 /* Page_016.htm */; };
		BCFEBAD0172A9D9A00006638 /* Page_017.htm in Resources */ = {isa = PBXBuildFile; fileRef = BCFEBA85172A9D9A00006638 /* Page_017.htm */; };
		BCFEBAD1172A9D9A00006638 /* Page_018.htm in Resources */ = {isa = PBXBuildFile; fileRef = BCFEBA86172A9D9A00006638 /* Page_018.htm */; };
		BCFEBAD2172A9D9A00006638 /* Page_019.htm in Resources */ = {isa = PBXBuildFile; fileRef = BCFEBA87172A9D9A00006638 /* Page_019.htm */; };
		BCFEBAD3172A9D9A00006638 /* Page_020.htm in Resources */ = {isa = PBXBuildFile; fileRef = BCFEBA88172A9D9A00006638 /* Page_020.htm */; };
		BCFEBAD4172A9D9A00006638 /* style.css in Resources */ = {isa = PBXBuildFile; fileRef = BCFEBA89172A9D9A00006638 /* style.css */; };
/* End PBXBuildFile section */

/* Begin PBXFileReference section */
		BC139A4B17264DE500FAB313 /* Default.png */ = {isa = PBXFileReference; lastKnownFileType = image.png; path = Default.png; sourceTree = "<group>"; };
		BC139A4C17264DE500FAB313 /* Default@2x.png */ = {isa = PBXFileReference; lastKnownFileType = image.png; path = "Default@2x.png"; sourceTree = "<group>"; };
		BC139A6E172650B000FAB313 /* Empty.htm */ = {isa = PBXFileReference; fileEncoding = 4; lastKnownFileType = text.html; path = Empty.htm; sourceTree = "<group>"; };
		BC139A7117265A8A00FAB313 /* BibleSingletonManager.h */ = {isa = PBXFileReference; fileEncoding = 4; lastKnownFileType = sourcecode.c.h; path = BibleSingletonManager.h; sourceTree = "<group>"; };
		BC139A7217265A8A00FAB313 /* BibleSingletonManager.m */ = {isa = PBXFileReference; fileEncoding = 4; lastKnownFileType = sourcecode.c.objc; path = BibleSingletonManager.m; sourceTree = "<group>"; };
		BC139A7417265AE200FAB313 /* PersistenceDataStore.h */ = {isa = PBXFileReference; fileEncoding = 4; lastKnownFileType = sourcecode.c.h; path = PersistenceDataStore.h; sourceTree = "<group>"; };
		BC139A7517265AE200FAB313 /* PersistenceDataStore.m */ = {isa = PBXFileReference; fileEncoding = 4; lastKnownFileType = sourcecode.c.objc; path = PersistenceDataStore.m; sourceTree = "<group>"; };
		BC139A7617265AE200FAB313 /* Reachability.h */ = {isa = PBXFileReference; fileEncoding = 4; lastKnownFileType = sourcecode.c.h; path = Reachability.h; sourceTree = "<group>"; };
		BC139A7717265AE200FAB313 /* Reachability.m */ = {isa = PBXFileReference; fileEncoding = 4; lastKnownFileType = sourcecode.c.objc; path = Reachability.m; sourceTree = "<group>"; };
		BC139A7A17265AED00FAB313 /* CFNetwork.framework */ = {isa = PBXFileReference; lastKnownFileType = wrapper.framework; name = CFNetwork.framework; path = System/Library/Frameworks/CFNetwork.framework; sourceTree = SDKROOT; };
		BC139A7C17265B0C00FAB313 /* QuartzCore.framework */ = {isa = PBXFileReference; lastKnownFileType = wrapper.framework; name = QuartzCore.framework; path = System/Library/Frameworks/QuartzCore.framework; sourceTree = SDKROOT; };
		BC139A7E17265B3600FAB313 /* SystemConfiguration.framework */ = {isa = PBXFileReference; lastKnownFileType = wrapper.framework; name = SystemConfiguration.framework; path = System/Library/Frameworks/SystemConfiguration.framework; sourceTree = SDKROOT; };
		BC139A8017265B8300FAB313 /* BilbleConstant.h */ = {isa = PBXFileReference; fileEncoding = 4; lastKnownFileType = sourcecode.c.h; path = BilbleConstant.h; sourceTree = "<group>"; };
		BC139AA117266ABF00FAB313 /* DBConnectionManager.h */ = {isa = PBXFileReference; fileEncoding = 4; lastKnownFileType = sourcecode.c.h; path = DBConnectionManager.h; sourceTree = "<group>"; };
		BC139AA217266ABF00FAB313 /* DBConnectionManager.m */ = {isa = PBXFileReference; fileEncoding = 4; lastKnownFileType = sourcecode.c.objc; path = DBConnectionManager.m; sourceTree = "<group>"; };
		BC139AA417266ADF00FAB313 /* Data.h */ = {isa = PBXFileReference; fileEncoding = 4; lastKnownFileType = sourcecode.c.h; path = Data.h; sourceTree = "<group>"; };
		BC139AA517266ADF00FAB313 /* Data.m */ = {isa = PBXFileReference; fileEncoding = 4; lastKnownFileType = sourcecode.c.objc; path = Data.m; sourceTree = "<group>"; };
		BC139AA717266B1D00FAB313 /* libsqlite3.0.dylib */ = {isa = PBXFileReference; lastKnownFileType = "compiled.mach-o.dylib"; name = libsqlite3.0.dylib; path = usr/lib/libsqlite3.0.dylib; sourceTree = SDKROOT; };
		BC139AA917266B6200FAB313 /* Bible.Sqlite */ = {isa = PBXFileReference; lastKnownFileType = file; path = Bible.Sqlite; sourceTree = "<group>"; };
		BC139AAB1726753200FAB313 /* Icon-72.png */ = {isa = PBXFileReference; lastKnownFileType = image.png; path = "Icon-72.png"; sourceTree = "<group>"; };
		BC139AAC1726753300FAB313 /* Icon-72@2x.png */ = {isa = PBXFileReference; lastKnownFileType = image.png; path = "Icon-72@2x.png"; sourceTree = "<group>"; };
		BC139AAD1726753300FAB313 /* Icon-Small-50.png */ = {isa = PBXFileReference; lastKnownFileType = image.png; path = "Icon-Small-50.png"; sourceTree = "<group>"; };
		BC139AAE1726753300FAB313 /* Icon-Small-50@2x.png */ = {isa = PBXFileReference; lastKnownFileType = image.png; path = "Icon-Small-50@2x.png"; sourceTree = "<group>"; };
		BC139AAF1726753300FAB313 /* Icon-Small.png */ = {isa = PBXFileReference; lastKnownFileType = image.png; path = "Icon-Small.png"; sourceTree = "<group>"; };
		BC139AB01726753300FAB313 /* Icon-Small@2x.png */ = {isa = PBXFileReference; lastKnownFileType = image.png; path = "Icon-Small@2x.png"; sourceTree = "<group>"; };
		BC139AB11726753300FAB313 /* Icon.png */ = {isa = PBXFileReference; lastKnownFileType = image.png; path = Icon.png; sourceTree = "<group>"; };
		BC139AB21726753300FAB313 /* Icon@2x.png */ = {isa = PBXFileReference; lastKnownFileType = image.png; path = "Icon@2x.png"; sourceTree = "<group>"; };
		BC139AB31726753300FAB313 /* iTunesArtwork.png */ = {isa = PBXFileReference; lastKnownFileType = image.png; path = iTunesArtwork.png; sourceTree = "<group>"; };
		BC139AB41726753300FAB313 /* iTunesArtwork@2x.png */ = {isa = PBXFileReference; lastKnownFileType = image.png; path = "iTunesArtwork@2x.png"; sourceTree = "<group>"; };
		BC1941DB171EB6AF002FF0E0 /* PageViewController.h */ = {isa = PBXFileReference; fileEncoding = 4; lastKnownFileType = sourcecode.c.h; path = PageViewController.h; sourceTree = "<group>"; };
		BC1941DC171EB6AF002FF0E0 /* PageViewController.m */ = {isa = PBXFileReference; fileEncoding = 4; lastKnownFileType = sourcecode.c.objc; path = PageViewController.m; sourceTree = "<group>"; };
		BC1941E3171EBC1A002FF0E0 /* ModelController.h */ = {isa = PBXFileReference; fileEncoding = 4; lastKnownFileType = sourcecode.c.h; path = ModelController.h; sourceTree = "<group>"; };
		BC1941E4171EBC1A002FF0E0 /* ModelController.m */ = {isa = PBXFileReference; fileEncoding = 4; lastKnownFileType = sourcecode.c.objc; path = ModelController.m; sourceTree = "<group>"; };
		BC1941E5171EBC1A002FF0E0 /* RootViewController.h */ = {isa = PBXFileReference; fileEncoding = 4; lastKnownFileType = sourcecode.c.h; path = RootViewController.h; sourceTree = "<group>"; };
		BC1941E8171EBC49002FF0E0 /* RootViewController.m */ = {isa = PBXFileReference; fileEncoding = 4; lastKnownFileType = sourcecode.c.objc; path = RootViewController.m; sourceTree = "<group>"; };
		BC80719A1727B953003D0AB5 /* selectedElement.js */ = {isa = PBXFileReference; fileEncoding = 4; lastKnownFileType = sourcecode.javascript; path = selectedElement.js; sourceTree = "<group>"; };
		BC80719D1727BA6C003D0AB5 /* jquery1_7_1.js */ = {isa = PBXFileReference; fileEncoding = 4; lastKnownFileType = sourcecode.javascript; path = jquery1_7_1.js; sourceTree = "<group>"; };
		BC8071A11727BCD9003D0AB5 /* p3_120312.wav */ = {isa = PBXFileReference; lastKnownFileType = audio.wav; path = p3_120312.wav; sourceTree = "<group>"; };
		BC8071A31727BF00003D0AB5 /* AVFoundation.framework */ = {isa = PBXFileReference; lastKnownFileType = wrapper.framework; name = AVFoundation.framework; path = System/Library/Frameworks/AVFoundation.framework; sourceTree = SDKROOT; };
		BC8071A51727BFC4003D0AB5 /* AudioClass.h */ = {isa = PBXFileReference; fileEncoding = 4; lastKnownFileType = sourcecode.c.h; path = AudioClass.h; sourceTree = "<group>"; };
		BC8071A61727BFC5003D0AB5 /* AudioClass.m */ = {isa = PBXFileReference; fileEncoding = 4; lastKnownFileType = sourcecode.c.objc; path = AudioClass.m; sourceTree = "<group>"; };
		BC8071D11728096D003D0AB5 /* MenuSliderViewController.h */ = {isa = PBXFileReference; fileEncoding = 4; lastKnownFileType = sourcecode.c.h; path = MenuSliderViewController.h; sourceTree = "<group>"; };
		BC8071D21728096D003D0AB5 /* MenuSliderViewController.m */ = {isa = PBXFileReference; fileEncoding = 4; lastKnownFileType = sourcecode.c.objc; path = MenuSliderViewController.m; sourceTree = "<group>"; };
		BC8071D31728096E003D0AB5 /* MenuSliderViewController.xib */ = {isa = PBXFileReference; fileEncoding = 4; lastKnownFileType = file.xib; path = MenuSliderViewController.xib; sourceTree = "<group>"; };
		BC8071D6172809A4003D0AB5 /* Animator.h */ = {isa = PBXFileReference; fileEncoding = 4; lastKnownFileType = sourcecode.c.h; path = Animator.h; sourceTree = "<group>"; };
		BC8071D7172809A4003D0AB5 /* Animator.m */ = {isa = PBXFileReference; fileEncoding = 4; lastKnownFileType = sourcecode.c.objc; path = Animator.m; sourceTree = "<group>"; };
		BC848C5E171C26A2008F14E6 /* Bible.app */ = {isa = PBXFileReference; explicitFileType = wrapper.application; includeInIndex = 0; path = Bible.app; sourceTree = BUILT_PRODUCTS_DIR; };
		BC848C61171C26A2008F14E6 /* UIKit.framework */ = {isa = PBXFileReference; lastKnownFileType = wrapper.framework; name = UIKit.framework; path = System/Library/Frameworks/UIKit.framework; sourceTree = SDKROOT; };
		BC848C63171C26A2008F14E6 /* Foundation.framework */ = {isa = PBXFileReference; lastKnownFileType = wrapper.framework; name = Foundation.framework; path = System/Library/Frameworks/Foundation.framework; sourceTree = SDKROOT; };
		BC848C65171C26A2008F14E6 /* CoreGraphics.framework */ = {isa = PBXFileReference; lastKnownFileType = wrapper.framework; name = CoreGraphics.framework; path = System/Library/Frameworks/CoreGraphics.framework; sourceTree = SDKROOT; };
		BC848C69171C26A2008F14E6 /* Bible-Info.plist */ = {isa = PBXFileReference; lastKnownFileType = text.plist.xml; path = "Bible-Info.plist"; sourceTree = "<group>"; };
		BC848C6B171C26A2008F14E6 /* en */ = {isa = PBXFileReference; lastKnownFileType = text.plist.strings; name = en; path = en.lproj/InfoPlist.strings; sourceTree = "<group>"; };
		BC848C6D171C26A2008F14E6 /* main.m */ = {isa = PBXFileReference; lastKnownFileType = sourcecode.c.objc; path = main.m; sourceTree = "<group>"; };
		BC848C6F171C26A2008F14E6 /* Bible-Prefix.pch */ = {isa = PBXFileReference; lastKnownFileType = sourcecode.c.h; path = "Bible-Prefix.pch"; sourceTree = "<group>"; };
		BC848C70171C26A2008F14E6 /* AppDelegate.h */ = {isa = PBXFileReference; lastKnownFileType = sourcecode.c.h; path = AppDelegate.h; sourceTree = "<group>"; };
		BC848C71171C26A2008F14E6 /* AppDelegate.m */ = {isa = PBXFileReference; lastKnownFileType = sourcecode.c.objc; path = AppDelegate.m; sourceTree = "<group>"; };
		BC848C77171C26A2008F14E6 /* Default-568h@2x.png */ = {isa = PBXFileReference; lastKnownFileType = image.png; path = "Default-568h@2x.png"; sourceTree = "<group>"; };
		BC853074172E623500E35A0C /* OBShapedButton.h */ = {isa = PBXFileReference; fileEncoding = 4; lastKnownFileType = sourcecode.c.h; path = OBShapedButton.h; sourceTree = "<group>"; };
		BC853075172E623500E35A0C /* OBShapedButton.m */ = {isa = PBXFileReference; fileEncoding = 4; lastKnownFileType = sourcecode.c.objc; path = OBShapedButton.m; sourceTree = "<group>"; };
		BC853076172E623500E35A0C /* UIImage+ColorAtPixel.h */ = {isa = PBXFileReference; fileEncoding = 4; lastKnownFileType = sourcecode.c.h; path = "UIImage+ColorAtPixel.h"; sourceTree = "<group>"; };
		BC853077172E623500E35A0C /* UIImage+ColorAtPixel.m */ = {isa = PBXFileReference; fileEncoding = 4; lastKnownFileType = sourcecode.c.objc; path = "UIImage+ColorAtPixel.m"; sourceTree = "<group>"; };
		BCD05A3C1726A86A00C23A36 /* MenView.h */ = {isa = PBXFileReference; fileEncoding = 4; lastKnownFileType = sourcecode.c.h; path = MenView.h; sourceTree = "<group>"; };
		BCD05A3D1726A86A00C23A36 /* MenView.m */ = {isa = PBXFileReference; fileEncoding = 4; lastKnownFileType = sourcecode.c.objc; path = MenView.m; sourceTree = "<group>"; };
		BCD05A421726A8BC00C23A36 /* Ribbon.png */ = {isa = PBXFileReference; lastKnownFileType = image.png; path = Ribbon.png; sourceTree = "<group>"; };
		BCD05B861726B98D00C23A36 /* audio_btn@2x.png */ = {isa = PBXFileReference; lastKnownFileType = image.png; path = "audio_btn@2x.png"; sourceTree = "<group>"; };
		BCD05B871726B98D00C23A36 /* fineprint_text@2x.png */ = {isa = PBXFileReference; lastKnownFileType = image.png; path = "fineprint_text@2x.png"; sourceTree = "<group>"; };
		BCD05B881726B98D00C23A36 /* hearpage_text@2x.png */ = {isa = PBXFileReference; lastKnownFileType = image.png; path = "hearpage_text@2x.png"; sourceTree = "<group>"; };
		BCD05B891726B98D00C23A36 /* letitread_text@2x.png */ = {isa = PBXFileReference; lastKnownFileType = image.png; path = "letitread_text@2x.png"; sourceTree = "<group>"; };
		BCD05B8A1726B98D00C23A36 /* makeityourself_text@2x.png */ = {isa = PBXFileReference; lastKnownFileType = image.png; path = "makeityourself_text@2x.png"; sourceTree = "<group>"; };
		BCD05B8B1726B98D00C23A36 /* menu_bg@2x.png */ = {isa = PBXFileReference; lastKnownFileType = image.png; path = "menu_bg@2x.png"; sourceTree = "<group>"; };
		BCD05B8C1726B98D00C23A36 /* readmore_text@2x.png */ = {isa = PBXFileReference; lastKnownFileType = image.png; path = "readmore_text@2x.png"; sourceTree = "<group>"; };
		BCD05B8D1726B98D00C23A36 /* share_text@2x.png */ = {isa = PBXFileReference; lastKnownFileType = image.png; path = "share_text@2x.png"; sourceTree = "<group>"; };
		BCD05B8E1726B98D00C23A36 /* stories_text@2x.png */ = {isa = PBXFileReference; lastKnownFileType = image.png; path = "stories_text@2x.png"; sourceTree = "<group>"; };
		BCD05B981726B9A000C23A36 /* audio_btn.png */ = {isa = PBXFileReference; lastKnownFileType = image.png; path = audio_btn.png; sourceTree = "<group>"; };
		BCD05B991726B9A000C23A36 /* fineprint_text.png */ = {isa = PBXFileReference; lastKnownFileType = image.png; path = fineprint_text.png; sourceTree = "<group>"; };
		BCD05B9A1726B9A000C23A36 /* hearpage_text.png */ = {isa = PBXFileReference; lastKnownFileType = image.png; path = hearpage_text.png; sourceTree = "<group>"; };
		BCD05B9B1726B9A000C23A36 /* letitread_text.png */ = {isa = PBXFileReference; lastKnownFileType = image.png; path = letitread_text.png; sourceTree = "<group>"; };
		BCD05B9C1726B9A000C23A36 /* makeityourself_text.png */ = {isa = PBXFileReference; lastKnownFileType = image.png; path = makeityourself_text.png; sourceTree = "<group>"; };
		BCD05B9D1726B9A000C23A36 /* menu_bg.png */ = {isa = PBXFileReference; lastKnownFileType = image.png; path = menu_bg.png; sourceTree = "<group>"; };
		BCD05B9E1726B9A000C23A36 /* readmore_text.png */ = {isa = PBXFileReference; lastKnownFileType = image.png; path = readmore_text.png; sourceTree = "<group>"; };
		BCD05B9F1726B9A000C23A36 /* share_text.png */ = {isa = PBXFileReference; lastKnownFileType = image.png; path = share_text.png; sourceTree = "<group>"; };
		BCD05BA01726B9A000C23A36 /* stories_text.png */ = {isa = PBXFileReference; lastKnownFileType = image.png; path = stories_text.png; sourceTree = "<group>"; };
		BCFEBA42172A9D9A00006638 /* AGaramond-Italic.otf */ = {isa = PBXFileReference; lastKnownFileType = file; path = "AGaramond-Italic.otf"; sourceTree = "<group>"; };
		BCFEBA43172A9D9A00006638 /* american_typewriter.ttf */ = {isa = PBXFileReference; lastKnownFileType = file; path = american_typewriter.ttf; sourceTree = "<group>"; };
		BCFEBA44172A9D9A00006638 /* AmericanTypewriter.otf */ = {isa = PBXFileReference; lastKnownFileType = file; path = AmericanTypewriter.otf; sourceTree = "<group>"; };
		BCFEBA45172A9D9A00006638 /* PastedGraphic-1.tiff */ = {isa = PBXFileReference; lastKnownFileType = image.tiff; path = "PastedGraphic-1.tiff"; sourceTree = "<group>"; };
		BCFEBA5F172A9D9A00006638 /* Audio_icon.png */ = {isa = PBXFileReference; lastKnownFileType = image.png; path = Audio_icon.png; sourceTree = "<group>"; };
		BCFEBA60172A9D9A00006638 /* firstPage.jpg */ = {isa = PBXFileReference; lastKnownFileType = image.jpeg; path = firstPage.jpg; sourceTree = "<group>"; };
		BCFEBA61172A9D9A00006638 /* page_002.jpg */ = {isa = PBXFileReference; lastKnownFileType = image.jpeg; path = page_002.jpg; sourceTree = "<group>"; };
		BCFEBA62172A9D9A00006638 /* page_003.jpg */ = {isa = PBXFileReference; lastKnownFileType = image.jpeg; path = page_003.jpg; sourceTree = "<group>"; };
		BCFEBA63172A9D9A00006638 /* page_004.jpg */ = {isa = PBXFileReference; lastKnownFileType = image.jpeg; path = page_004.jpg; sourceTree = "<group>"; };
		BCFEBA64172A9D9A00006638 /* page_005.jpg */ = {isa = PBXFileReference; lastKnownFileType = image.jpeg; path = page_005.jpg; sourceTree = "<group>"; };
		BCFEBA65172A9D9A00006638 /* page_006.jpg */ = {isa = PBXFileReference; lastKnownFileType = image.jpeg; path = page_006.jpg; sourceTree = "<group>"; };
		BCFEBA66172A9D9A00006638 /* page_007.jpg */ = {isa = PBXFileReference; lastKnownFileType = image.jpeg; path = page_007.jpg; sourceTree = "<group>"; };
		BCFEBA67172A9D9A00006638 /* page_008.jpg */ = {isa = PBXFileReference; lastKnownFileType = image.jpeg; path = page_008.jpg; sourceTree = "<group>"; };
		BCFEBA68172A9D9A00006638 /* page_009.jpg */ = {isa = PBXFileReference; lastKnownFileType = image.jpeg; path = page_009.jpg; sourceTree = "<group>"; };
		BCFEBA69172A9D9A00006638 /* page_010.jpg */ = {isa = PBXFileReference; lastKnownFileType = image.jpeg; path = page_010.jpg; sourceTree = "<group>"; };
		BCFEBA6A172A9D9A00006638 /* page_011.jpg */ = {isa = PBXFileReference; lastKnownFileType = image.jpeg; path = page_011.jpg; sourceTree = "<group>"; };
		BCFEBA6B172A9D9A00006638 /* page_012.jpg */ = {isa = PBXFileReference; lastKnownFileType = image.jpeg; path = page_012.jpg; sourceTree = "<group>"; };
		BCFEBA6C172A9D9A00006638 /* page_013.jpg */ = {isa = PBXFileReference; lastKnownFileType = image.jpeg; path = page_013.jpg; sourceTree = "<group>"; };
		BCFEBA6D172A9D9A00006638 /* page_014.jpg */ = {isa = PBXFileReference; lastKnownFileType = image.jpeg; path = page_014.jpg; sourceTree = "<group>"; };
		BCFEBA6E172A9D9A00006638 /* page_015.jpg */ = {isa = PBXFileReference; lastKnownFileType = image.jpeg; path = page_015.jpg; sourceTree = "<group>"; };
		BCFEBA6F172A9D9A00006638 /* page_016.jpg */ = {isa = PBXFileReference; lastKnownFileType = image.jpeg; path = page_016.jpg; sourceTree = "<group>"; };
		BCFEBA70172A9D9A00006638 /* page_017.jpg */ = {isa = PBXFileReference; lastKnownFileType = image.jpeg; path = page_017.jpg; sourceTree = "<group>"; };
		BCFEBA71172A9D9A00006638 /* page_018.jpg */ = {isa = PBXFileReference; lastKnownFileType = image.jpeg; path = page_018.jpg; sourceTree = "<group>"; };
		BCFEBA72172A9D9A00006638 /* page_019.jpg */ = {isa = PBXFileReference; lastKnownFileType = image.jpeg; path = page_019.jpg; sourceTree = "<group>"; };
		BCFEBA73172A9D9A00006638 /* page_020.jpg */ = {isa = PBXFileReference; lastKnownFileType = image.jpeg; path = page_020.jpg; sourceTree = "<group>"; };
		BCFEBA74172A9D9A00006638 /* Ribbon.png */ = {isa = PBXFileReference; lastKnownFileType = image.png; path = Ribbon.png; sourceTree = "<group>"; };
		BCFEBA75172A9D9A00006638 /* Page_001.htm */ = {isa = PBXFileReference; fileEncoding = 4; lastKnownFileType = text.html; path = Page_001.htm; sourceTree = "<group>"; };
		BCFEBA76172A9D9A00006638 /* Page_002.htm */ = {isa = PBXFileReference; fileEncoding = 4; lastKnownFileType = text.html; path = Page_002.htm; sourceTree = "<group>"; };
		BCFEBA77172A9D9A00006638 /* Page_003.htm */ = {isa = PBXFileReference; fileEncoding = 4; lastKnownFileType = text.html; path = Page_003.htm; sourceTree = "<group>"; };
		BCFEBA78172A9D9A00006638 /* Page_004.htm */ = {isa = PBXFileReference; fileEncoding = 4; lastKnownFileType = text.html; path = Page_004.htm; sourceTree = "<group>"; };
		BCFEBA79172A9D9A00006638 /* Page_005.htm */ = {isa = PBXFileReference; fileEncoding = 4; lastKnownFileType = text.html; path = Page_005.htm; sourceTree = "<group>"; };
		BCFEBA7A172A9D9A00006638 /* Page_006.htm */ = {isa = PBXFileReference; fileEncoding = 4; lastKnownFileType = text.html; path = Page_006.htm; sourceTree = "<group>"; };
		BCFEBA7B172A9D9A00006638 /* Page_007.htm */ = {isa = PBXFileReference; fileEncoding = 4; lastKnownFileType = text.html; path = Page_007.htm; sourceTree = "<group>"; };
		BCFEBA7C172A9D9A00006638 /* Page_008.htm */ = {isa = PBXFileReference; fileEncoding = 4; lastKnownFileType = text.html; path = Page_008.htm; sourceTree = "<group>"; };
		BCFEBA7D172A9D9A00006638 /* Page_009.htm */ = {isa = PBXFileReference; fileEncoding = 4; lastKnownFileType = text.html; path = Page_009.htm; sourceTree = "<group>"; };
		BCFEBA7E172A9D9A00006638 /* Page_010.htm */ = {isa = PBXFileReference; fileEncoding = 4; lastKnownFileType = text.html; path = Page_010.htm; sourceTree = "<group>"; };
		BCFEBA7F172A9D9A00006638 /* Page_011.htm */ = {isa = PBXFileReference; fileEncoding = 4; lastKnownFileType = text.html; path = Page_011.htm; sourceTree = "<group>"; };
		BCFEBA80172A9D9A00006638 /* Page_012.htm */ = {isa = PBXFileReference; fileEncoding = 4; lastKnownFileType = text.html; path = Page_012.htm; sourceTree = "<group>"; };
		BCFEBA81172A9D9A00006638 /* Page_013.htm */ = {isa = PBXFileReference; fileEncoding = 4; lastKnownFileType = text.html; path = Page_013.htm; sourceTree = "<group>"; };
		BCFEBA82172A9D9A00006638 /* Page_014.htm */ = {isa = PBXFileReference; fileEncoding = 4; lastKnownFileType = text.html; path = Page_014.htm; sourceTree = "<group>"; };
		BCFEBA83172A9D9A00006638 /* Page_015.htm */ = {isa = PBXFileReference; fileEncoding = 4; lastKnownFileType = text.html; path = Page_015.htm; sourceTree = "<group>"; };
		BCFEBA84172A9D9A00006638 /* Page_016.htm */ = {isa = PBXFileReference; fileEncoding = 4; lastKnownFileType = text.html; path = Page_016.htm; sourceTree = "<group>"; };
		BCFEBA85172A9D9A00006638 /* Page_017.htm */ = {isa = PBXFileReference; fileEncoding = 4; lastKnownFileType = text.html; path = Page_017.htm; sourceTree = "<group>"; };
		BCFEBA86172A9D9A00006638 /* Page_018.htm */ = {isa = PBXFileReference; fileEncoding = 4; lastKnownFileType = text.html; path = Page_018.htm; sourceTree = "<group>"; };
		BCFEBA87172A9D9A00006638 /* Page_019.htm */ = {isa = PBXFileReference; fileEncoding = 4; lastKnownFileType = text.html; path = Page_019.htm; sourceTree = "<group>"; };
		BCFEBA88172A9D9A00006638 /* Page_020.htm */ = {isa = PBXFileReference; fileEncoding = 4; lastKnownFileType = text.html; path = Page_020.htm; sourceTree = "<group>"; };
		BCFEBA89172A9D9A00006638 /* style.css */ = {isa = PBXFileReference; fileEncoding = 4; lastKnownFileType = text.css; path = style.css; sourceTree = "<group>"; };
/* End PBXFileReference section */

/* Begin PBXFrameworksBuildPhase section */
		BC848C5B171C26A2008F14E6 /* Frameworks */ = {
			isa = PBXFrameworksBuildPhase;
			buildActionMask = 2147483647;
			files = (
				BC8071A41727BF00003D0AB5 /* AVFoundation.framework in Frameworks */,
				BC139AA817266B1D00FAB313 /* libsqlite3.0.dylib in Frameworks */,
				BC139A7F17265B3600FAB313 /* SystemConfiguration.framework in Frameworks */,
				BC139A7D17265B0C00FAB313 /* QuartzCore.framework in Frameworks */,
				BC139A7B17265AED00FAB313 /* CFNetwork.framework in Frameworks */,
				BC848C62171C26A2008F14E6 /* UIKit.framework in Frameworks */,
				BC848C64171C26A2008F14E6 /* Foundation.framework in Frameworks */,
				BC848C66171C26A2008F14E6 /* CoreGraphics.framework in Frameworks */,
			);
			runOnlyForDeploymentPostprocessing = 0;
		};
/* End PBXFrameworksBuildPhase section */

/* Begin PBXGroup section */
		BC139A4A17264DE500FAB313 /* IconAndSplash */ = {
			isa = PBXGroup;
			children = (
				BC139AAB1726753200FAB313 /* Icon-72.png */,
				BC139AAC1726753300FAB313 /* Icon-72@2x.png */,
				BC139AAD1726753300FAB313 /* Icon-Small-50.png */,
				BC139AAE1726753300FAB313 /* Icon-Small-50@2x.png */,
				BC139AAF1726753300FAB313 /* Icon-Small.png */,
				BC139AB01726753300FAB313 /* Icon-Small@2x.png */,
				BC139AB11726753300FAB313 /* Icon.png */,
				BC139AB21726753300FAB313 /* Icon@2x.png */,
				BC139AB31726753300FAB313 /* iTunesArtwork.png */,
				BC139AB41726753300FAB313 /* iTunesArtwork@2x.png */,
				BC139A4B17264DE500FAB313 /* Default.png */,
				BC139A4C17264DE500FAB313 /* Default@2x.png */,
				BC139A6E172650B000FAB313 /* Empty.htm */,
			);
			path = IconAndSplash;
			sourceTree = "<group>";
		};
		BC139A7017265A8A00FAB313 /* UtilityClasses */ = {
			isa = PBXGroup;
			children = (
				BC139A8017265B8300FAB313 /* BilbleConstant.h */,
				BC139AA117266ABF00FAB313 /* DBConnectionManager.h */,
				BC139AA217266ABF00FAB313 /* DBConnectionManager.m */,
				BC139AA417266ADF00FAB313 /* Data.h */,
				BC139AA517266ADF00FAB313 /* Data.m */,
				BC139A7417265AE200FAB313 /* PersistenceDataStore.h */,
				BC139A7517265AE200FAB313 /* PersistenceDataStore.m */,
				BC139A7617265AE200FAB313 /* Reachability.h */,
				BC139A7717265AE200FAB313 /* Reachability.m */,
				BC139A7117265A8A00FAB313 /* BibleSingletonManager.h */,
				BC139A7217265A8A00FAB313 /* BibleSingletonManager.m */,
			);
			path = UtilityClasses;
			sourceTree = "<group>";
		};
		BC139A8117265C2200FAB313 /* ResourceData */ = {
			isa = PBXGroup;
			children = (
				BCFEBA3A172A9D9A00006638 /* HtmlFile */,
				BC8071A01727BCD9003D0AB5 /* AudioFile */,
				BC8071991727B953003D0AB5 /* JsFile */,
				BCD05A3F1726A8BC00C23A36 /* NormalImage */,
				BCD05A431726A8BC00C23A36 /* RetinaImages */,
				BC139AA917266B6200FAB313 /* Bible.Sqlite */,
			);
			path = ResourceData;
			sourceTree = "<group>";
		};
		BC1941D0171EB5FD002FF0E0 /* mainViewClasses */ = {
			isa = PBXGroup;
			children = (
				BC8071D6172809A4003D0AB5 /* Animator.h */,
				BC8071D7172809A4003D0AB5 /* Animator.m */,
				BC8071D11728096D003D0AB5 /* MenuSliderViewController.h */,
				BC8071D21728096D003D0AB5 /* MenuSliderViewController.m */,
				BC8071D31728096E003D0AB5 /* MenuSliderViewController.xib */,
				BC1941E3171EBC1A002FF0E0 /* ModelController.h */,
				BC1941E4171EBC1A002FF0E0 /* ModelController.m */,
				BC1941E5171EBC1A002FF0E0 /* RootViewController.h */,
				BC1941E8171EBC49002FF0E0 /* RootViewController.m */,
				BC1941DB171EB6AF002FF0E0 /* PageViewController.h */,
				BC1941DC171EB6AF002FF0E0 /* PageViewController.m */,
				BCD05A3C1726A86A00C23A36 /* MenView.h */,
				BCD05A3D1726A86A00C23A36 /* MenView.m */,
				BC8071A51727BFC4003D0AB5 /* AudioClass.h */,
				BC8071A61727BFC5003D0AB5 /* AudioClass.m */,
			);
			path = mainViewClasses;
			sourceTree = "<group>";
		};
		BC8071991727B953003D0AB5 /* JsFile */ = {
			isa = PBXGroup;
			children = (
				BC80719D1727BA6C003D0AB5 /* jquery1_7_1.js */,
				BC80719A1727B953003D0AB5 /* selectedElement.js */,
			);
			path = JsFile;
			sourceTree = "<group>";
		};
		BC8071A01727BCD9003D0AB5 /* AudioFile */ = {
			isa = PBXGroup;
			children = (
				BC8071A11727BCD9003D0AB5 /* p3_120312.wav */,
			);
			path = AudioFile;
			sourceTree = "<group>";
		};
		BC848C55171C26A2008F14E6 = {
			isa = PBXGroup;
			children = (
				BC848C67171C26A2008F14E6 /* Bible */,
				BC848C60171C26A2008F14E6 /* Frameworks */,
				BC848C5F171C26A2008F14E6 /* Products */,
			);
			sourceTree = "<group>";
		};
		BC848C5F171C26A2008F14E6 /* Products */ = {
			isa = PBXGroup;
			children = (
				BC848C5E171C26A2008F14E6 /* Bible.app */,
			);
			name = Products;
			sourceTree = "<group>";
		};
		BC848C60171C26A2008F14E6 /* Frameworks */ = {
			isa = PBXGroup;
			children = (
				BC8071A31727BF00003D0AB5 /* AVFoundation.framework */,
				BC139AA717266B1D00FAB313 /* libsqlite3.0.dylib */,
				BC139A7E17265B3600FAB313 /* SystemConfiguration.framework */,
				BC139A7C17265B0C00FAB313 /* QuartzCore.framework */,
				BC139A7A17265AED00FAB313 /* CFNetwork.framework */,
				BC848C61171C26A2008F14E6 /* UIKit.framework */,
				BC848C63171C26A2008F14E6 /* Foundation.framework */,
				BC848C65171C26A2008F14E6 /* CoreGraphics.framework */,
			);
			name = Frameworks;
			sourceTree = "<group>";
		};
		BC848C67171C26A2008F14E6 /* Bible */ = {
			isa = PBXGroup;
			children = (
				BC853073172E623500E35A0C /* CustomClassess */,
				BC139A8117265C2200FAB313 /* ResourceData */,
				BC139A7017265A8A00FAB313 /* UtilityClasses */,
				BC139A4A17264DE500FAB313 /* IconAndSplash */,
				BC1941D0171EB5FD002FF0E0 /* mainViewClasses */,
				BC848C70171C26A2008F14E6 /* AppDelegate.h */,
				BC848C71171C26A2008F14E6 /* AppDelegate.m */,
				BC848C68171C26A2008F14E6 /* Supporting Files */,
			);
			path = Bible;
			sourceTree = "<group>";
		};
		BC848C68171C26A2008F14E6 /* Supporting Files */ = {
			isa = PBXGroup;
			children = (
				BC848C69171C26A2008F14E6 /* Bible-Info.plist */,
				BC848C6A171C26A2008F14E6 /* InfoPlist.strings */,
				BC848C6D171C26A2008F14E6 /* main.m */,
				BC848C6F171C26A2008F14E6 /* Bible-Prefix.pch */,
				BC848C77171C26A2008F14E6 /* Default-568h@2x.png */,
			);
			name = "Supporting Files";
			sourceTree = "<group>";
		};
		BC853073172E623500E35A0C /* CustomClassess */ = {
			isa = PBXGroup;
			children = (
				BC853074172E623500E35A0C /* OBShapedButton.h */,
				BC853075172E623500E35A0C /* OBShapedButton.m */,
				BC853076172E623500E35A0C /* UIImage+ColorAtPixel.h */,
				BC853077172E623500E35A0C /* UIImage+ColorAtPixel.m */,
			);
			path = CustomClassess;
			sourceTree = "<group>";
		};
		BCD05A3F1726A8BC00C23A36 /* NormalImage */ = {
			isa = PBXGroup;
			children = (
				BCD05A401726A8BC00C23A36 /* MenuViewImage */,
				BCD05A411726A8BC00C23A36 /* PageViewImages */,
			);
			path = NormalImage;
			sourceTree = "<group>";
		};
		BCD05A401726A8BC00C23A36 /* MenuViewImage */ = {
			isa = PBXGroup;
			children = (
				BCD05B981726B9A000C23A36 /* audio_btn.png */,
				BCD05B991726B9A000C23A36 /* fineprint_text.png */,
				BCD05B9A1726B9A000C23A36 /* hearpage_text.png */,
				BCD05B9B1726B9A000C23A36 /* letitread_text.png */,
				BCD05B9C1726B9A000C23A36 /* makeityourself_text.png */,
				BCD05B9D1726B9A000C23A36 /* menu_bg.png */,
				BCD05B9E1726B9A000C23A36 /* readmore_text.png */,
				BCD05B9F1726B9A000C23A36 /* share_text.png */,
				BCD05BA01726B9A000C23A36 /* stories_text.png */,
			);
			path = MenuViewImage;
			sourceTree = "<group>";
		};
		BCD05A411726A8BC00C23A36 /* PageViewImages */ = {
			isa = PBXGroup;
			children = (
				BCD05A421726A8BC00C23A36 /* Ribbon.png */,
			);
			path = PageViewImages;
			sourceTree = "<group>";
		};
		BCD05A431726A8BC00C23A36 /* RetinaImages */ = {
			isa = PBXGroup;
			children = (
				BCD05A441726A8BC00C23A36 /* MenuViewImage */,
			);
			path = RetinaImages;
			sourceTree = "<group>";
		};
		BCD05A441726A8BC00C23A36 /* MenuViewImage */ = {
			isa = PBXGroup;
			children = (
				BCD05B861726B98D00C23A36 /* audio_btn@2x.png */,
				BCD05B871726B98D00C23A36 /* fineprint_text@2x.png */,
				BCD05B881726B98D00C23A36 /* hearpage_text@2x.png */,
				BCD05B891726B98D00C23A36 /* letitread_text@2x.png */,
				BCD05B8A1726B98D00C23A36 /* makeityourself_text@2x.png */,
				BCD05B8B1726B98D00C23A36 /* menu_bg@2x.png */,
				BCD05B8C1726B98D00C23A36 /* readmore_text@2x.png */,
				BCD05B8D1726B98D00C23A36 /* share_text@2x.png */,
				BCD05B8E1726B98D00C23A36 /* stories_text@2x.png */,
			);
			path = MenuViewImage;
			sourceTree = "<group>";
		};
		BCFEBA3A172A9D9A00006638 /* HtmlFile */ = {
			isa = PBXGroup;
			children = (
				BCFEBA3B172A9D9A00006638 /* fonts */,
				BCFEBA46172A9D9A00006638 /* images */,
				BCFEBA75172A9D9A00006638 /* Page_001.htm */,
				BCFEBA76172A9D9A00006638 /* Page_002.htm */,
				BCFEBA77172A9D9A00006638 /* Page_003.htm */,
				BCFEBA78172A9D9A00006638 /* Page_004.htm */,
				BCFEBA79172A9D9A00006638 /* Page_005.htm */,
				BCFEBA7A172A9D9A00006638 /* Page_006.htm */,
				BCFEBA7B172A9D9A00006638 /* Page_007.htm */,
				BCFEBA7C172A9D9A00006638 /* Page_008.htm */,
				BCFEBA7D172A9D9A00006638 /* Page_009.htm */,
				BCFEBA7E172A9D9A00006638 /* Page_010.htm */,
				BCFEBA7F172A9D9A00006638 /* Page_011.htm */,
				BCFEBA80172A9D9A00006638 /* Page_012.htm */,
				BCFEBA81172A9D9A00006638 /* Page_013.htm */,
				BCFEBA82172A9D9A00006638 /* Page_014.htm */,
				BCFEBA83172A9D9A00006638 /* Page_015.htm */,
				BCFEBA84172A9D9A00006638 /* Page_016.htm */,
				BCFEBA85172A9D9A00006638 /* Page_017.htm */,
				BCFEBA86172A9D9A00006638 /* Page_018.htm */,
				BCFEBA87172A9D9A00006638 /* Page_019.htm */,
				BCFEBA88172A9D9A00006638 /* Page_020.htm */,
				BCFEBA89172A9D9A00006638 /* style.css */,
			);
			path = HtmlFile;
			sourceTree = "<group>";
		};
		BCFEBA3B172A9D9A00006638 /* fonts */ = {
			isa = PBXGroup;
			children = (
				BCFEBA42172A9D9A00006638 /* AGaramond-Italic.otf */,
				BCFEBA43172A9D9A00006638 /* american_typewriter.ttf */,
				BCFEBA44172A9D9A00006638 /* AmericanTypewriter.otf */,
				BCFEBA45172A9D9A00006638 /* PastedGraphic-1.tiff */,
			);
			path = fonts;
			sourceTree = "<group>";
		};
		BCFEBA46172A9D9A00006638 /* images */ = {
			isa = PBXGroup;
			children = (
				BCFEBA5F172A9D9A00006638 /* Audio_icon.png */,
				BCFEBA60172A9D9A00006638 /* firstPage.jpg */,
				BCFEBA61172A9D9A00006638 /* page_002.jpg */,
				BCFEBA62172A9D9A00006638 /* page_003.jpg */,
				BCFEBA63172A9D9A00006638 /* page_004.jpg */,
				BCFEBA64172A9D9A00006638 /* page_005.jpg */,
				BCFEBA65172A9D9A00006638 /* page_006.jpg */,
				BCFEBA66172A9D9A00006638 /* page_007.jpg */,
				BCFEBA67172A9D9A00006638 /* page_008.jpg */,
				BCFEBA68172A9D9A00006638 /* page_009.jpg */,
				BCFEBA69172A9D9A00006638 /* page_010.jpg */,
				BCFEBA6A172A9D9A00006638 /* page_011.jpg */,
				BCFEBA6B172A9D9A00006638 /* page_012.jpg */,
				BCFEBA6C172A9D9A00006638 /* page_013.jpg */,
				BCFEBA6D172A9D9A00006638 /* page_014.jpg */,
				BCFEBA6E172A9D9A00006638 /* page_015.jpg */,
				BCFEBA6F172A9D9A00006638 /* page_016.jpg */,
				BCFEBA70172A9D9A00006638 /* page_017.jpg */,
				BCFEBA71172A9D9A00006638 /* page_018.jpg */,
				BCFEBA72172A9D9A00006638 /* page_019.jpg */,
				BCFEBA73172A9D9A00006638 /* page_020.jpg */,
				BCFEBA74172A9D9A00006638 /* Ribbon.png */,
			);
			path = images;
			sourceTree = "<group>";
		};
/* End PBXGroup section */

/* Begin PBXNativeTarget section */
		BC848C5D171C26A2008F14E6 /* Bible */ = {
			isa = PBXNativeTarget;
			buildConfigurationList = BC848C84171C26A2008F14E6 /* Build configuration list for PBXNativeTarget "Bible" */;
			buildPhases = (
				BC848C5A171C26A2008F14E6 /* Sources */,
				BC848C5B171C26A2008F14E6 /* Frameworks */,
				BC848C5C171C26A2008F14E6 /* Resources */,
			);
			buildRules = (
			);
			dependencies = (
			);
			name = Bible;
			productName = Bible;
			productReference = BC848C5E171C26A2008F14E6 /* Bible.app */;
			productType = "com.apple.product-type.application";
		};
/* End PBXNativeTarget section */

/* Begin PBXProject section */
		BC848C56171C26A2008F14E6 /* Project object */ = {
			isa = PBXProject;
			attributes = {
				LastUpgradeCheck = 0460;
				ORGANIZATIONNAME = "Ashish Awasthi";
			};
			buildConfigurationList = BC848C59171C26A2008F14E6 /* Build configuration list for PBXProject "Bible" */;
			compatibilityVersion = "Xcode 3.2";
			developmentRegion = English;
			hasScannedForEncodings = 0;
			knownRegions = (
				en,
			);
			mainGroup = BC848C55171C26A2008F14E6;
			productRefGroup = BC848C5F171C26A2008F14E6 /* Products */;
			projectDirPath = "";
			projectRoot = "";
			targets = (
				BC848C5D171C26A2008F14E6 /* Bible */,
			);
		};
/* End PBXProject section */

/* Begin PBXResourcesBuildPhase section */
		BC848C5C171C26A2008F14E6 /* Resources */ = {
			isa = PBXResourcesBuildPhase;
			buildActionMask = 2147483647;
			files = (
				BC848C6C171C26A2008F14E6 /* InfoPlist.strings in Resources */,
				BC848C78171C26A2008F14E6 /* Default-568h@2x.png in Resources */,
				BC139A4D17264DE500FAB313 /* Default.png in Resources */,
				BC80719C1727B962003D0AB5 /* selectedElement.js in Resources */,
				BC139A4E17264DE500FAB313 /* Default@2x.png in Resources */,
				BC139A6F172650B000FAB313 /* Empty.htm in Resources */,
				BC80719F1727BA75003D0AB5 /* jquery1_7_1.js in Resources */,
				BC139AAA17266B6200FAB313 /* Bible.Sqlite in Resources */,
				BC139AB51726753300FAB313 /* Icon-72.png in Resources */,
				BC139AB61726753300FAB313 /* Icon-72@2x.png in Resources */,
				BC139AB71726753300FAB313 /* Icon-Small-50.png in Resources */,
				BC139AB81726753300FAB313 /* Icon-Small-50@2x.png in Resources */,
				BC139AB91726753300FAB313 /* Icon-Small.png in Resources */,
				BC139ABA1726753300FAB313 /* Icon-Small@2x.png in Resources */,
				BC139ABB1726753300FAB313 /* Icon.png in Resources */,
				BC139ABC1726753300FAB313 /* Icon@2x.png in Resources */,
				BC139ABD1726753300FAB313 /* iTunesArtwork.png in Resources */,
				BC139ABE1726753300FAB313 /* iTunesArtwork@2x.png in Resources */,
				BCD05A451726A8BC00C23A36 /* Ribbon.png in Resources */,
				BCD05B8F1726B98D00C23A36 /* audio_btn@2x.png in Resources */,
				BCD05B901726B98D00C23A36 /* fineprint_text@2x.png in Resources */,
				BCD05B911726B98D00C23A36 /* hearpage_text@2x.png in Resources */,
				BCD05B921726B98D00C23A36 /* letitread_text@2x.png in Resources */,
				BCD05B931726B98D00C23A36 /* makeityourself_text@2x.png in Resources */,
				BCD05B941726B98D00C23A36 /* menu_bg@2x.png in Resources */,
				BCD05B951726B98D00C23A36 /* readmore_text@2x.png in Resources */,
				BCD05B961726B98D00C23A36 /* share_text@2x.png in Resources */,
				BCD05B971726B98D00C23A36 /* stories_text@2x.png in Resources */,
				BCD05BA11726B9A000C23A36 /* audio_btn.png in Resources */,
				BCD05BA21726B9A000C23A36 /* fineprint_text.png in Resources */,
				BCD05BA31726B9A000C23A36 /* hearpage_text.png in Resources */,
				BCD05BA41726B9A000C23A36 /* letitread_text.png in Resources */,
				BCD05BA51726B9A000C23A36 /* makeityourself_text.png in Resources */,
				BCD05BA61726B9A000C23A36 /* menu_bg.png in Resources */,
				BCD05BA71726B9A000C23A36 /* readmore_text.png in Resources */,
				BCD05BA81726B9A000C23A36 /* share_text.png in Resources */,
				BCD05BA91726B9A000C23A36 /* stories_text.png in Resources */,
				BC8071A21727BCD9003D0AB5 /* p3_120312.wav in Resources */,
				BC8071D51728096F003D0AB5 /* MenuSliderViewController.xib in Resources */,
				BCFEBA8F172A9D9A00006638 /* AGaramond-Italic.otf in Resources */,
				BCFEBA90172A9D9A00006638 /* american_typewriter.ttf in Resources */,
				BCFEBA91172A9D9A00006638 /* AmericanTypewriter.otf in Resources */,
				BCFEBA92172A9D9A00006638 /* PastedGraphic-1.tiff in Resources */,
				BCFEBAAA172A9D9A00006638 /* Audio_icon.png in Resources */,
				BCFEBAAB172A9D9A00006638 /* firstPage.jpg in Resources */,
				BCFEBAAC172A9D9A00006638 /* page_002.jpg in Resources */,
				BCFEBAAD172A9D9A00006638 /* page_003.jpg in Resources */,
				BCFEBAAE172A9D9A00006638 /* page_004.jpg in Resources */,
				BCFEBAAF172A9D9A00006638 /* page_005.jpg in Resources */,
				BCFEBAB0172A9D9A00006638 /* page_006.jpg in Resources */,
				BCFEBAB1172A9D9A00006638 /* page_007.jpg in Resources */,
				BCFEBAB2172A9D9A00006638 /* page_008.jpg in Resources */,
				BCFEBAB3172A9D9A00006638 /* page_009.jpg in Resources */,
				BCFEBAB4172A9D9A00006638 /* page_010.jpg in Resources */,
				BCFEBAB5172A9D9A00006638 /* page_011.jpg in Resources */,
				BCFEBAB6172A9D9A00006638 /* page_012.jpg in Resources */,
				BCFEBAB7172A9D9A00006638 /* page_013.jpg in Resources */,
				BCFEBAB8172A9D9A00006638 /* page_014.jpg in Resources */,
				BCFEBAB9172A9D9A00006638 /* page_015.jpg in Resources */,
				BCFEBABA172A9D9A00006638 /* page_016.jpg in Resources */,
				BCFEBABB172A9D9A00006638 /* page_017.jpg in Resources */,
				BCFEBABC172A9D9A00006638 /* page_018.jpg in Resources */,
				BCFEBABD172A9D9A00006638 /* page_019.jpg in Resources */,
				BCFEBABE172A9D9A00006638 /* page_020.jpg in Resources */,
				BCFEBABF172A9D9A00006638 /* Ribbon.png in Resources */,
				BCFEBAC0172A9D9A00006638 /* Page_001.htm in Resources */,
				BCFEBAC1172A9D9A00006638 /* Page_002.htm in Resources */,
				BCFEBAC2172A9D9A00006638 /* Page_003.htm in Resources */,
				BCFEBAC3172A9D9A00006638 /* Page_004.htm in Resources */,
				BCFEBAC4172A9D9A00006638 /* Page_005.htm in Resources */,
				BCFEBAC5172A9D9A00006638 /* Page_006.htm in Resources */,
				BCFEBAC6172A9D9A00006638 /* Page_007.htm in Resources */,
				BCFEBAC7172A9D9A00006638 /* Page_008.htm in Resources */,
				BCFEBAC8172A9D9A00006638 /* Page_009.htm in Resources */,
				BCFEBAC9172A9D9A00006638 /* Page_010.htm in Resources */,
				BCFEBACA172A9D9A00006638 /* Page_011.htm in Resources */,
				BCFEBACB172A9D9A00006638 /* Page_012.htm in Resources */,
				BCFEBACC172A9D9A00006638 /* Page_013.htm in Resources */,
				BCFEBACD172A9D9A00006638 /* Page_014.htm in Resources */,
				BCFEBACE172A9D9A00006638 /* Page_015.htm in Resources */,
				BCFEBACF172A9D9A00006638 /* Page_016.htm in Resources */,
				BCFEBAD0172A9D9A00006638 /* Page_017.htm in Resources */,
				BCFEBAD1172A9D9A00006638 /* Page_018.htm in Resources */,
				BCFEBAD2172A9D9A00006638 /* Page_019.htm in Resources */,
				BCFEBAD3172A9D9A00006638 /* Page_020.htm in Resources */,
				BCFEBAD4172A9D9A00006638 /* style.css in Resources */,
			);
			runOnlyForDeploymentPostprocessing = 0;
		};
/* End PBXResourcesBuildPhase section */

/* Begin PBXSourcesBuildPhase section */
		BC848C5A171C26A2008F14E6 /* Sources */ = {
			isa = PBXSourcesBuildPhase;
			buildActionMask = 2147483647;
			files = (
				BC848C6E171C26A2008F14E6 /* main.m in Sources */,
				BC848C72171C26A2008F14E6 /* AppDelegate.m in Sources */,
				BC1941DD171EB6AF002FF0E0 /* PageViewController.m in Sources */,
				BC1941E7171EBC1A002FF0E0 /* ModelController.m in Sources */,
				BC1941E9171EBC49002FF0E0 /* RootViewController.m in Sources */,
				BC139A7317265A8A00FAB313 /* BibleSingletonManager.m in Sources */,
				BC139A7817265AE200FAB313 /* PersistenceDataStore.m in Sources */,
				BC139A7917265AE200FAB313 /* Reachability.m in Sources */,
				BC139AA317266ABF00FAB313 /* DBConnectionManager.m in Sources */,
				BC139AA617266ADF00FAB313 /* Data.m in Sources */,
				BCD05A3E1726A86A00C23A36 /* MenView.m in Sources */,
				BC80719B1727B953003D0AB5 /* selectedElement.js in Sources */,
				BC80719E1727BA6C003D0AB5 /* jquery1_7_1.js in Sources */,
				BC8071A71727BFC5003D0AB5 /* AudioClass.m in Sources */,
				BC8071D41728096F003D0AB5 /* MenuSliderViewController.m in Sources */,
				BC8071D8172809A5003D0AB5 /* Animator.m in Sources */,
				BC853078172E623500E35A0C /* OBShapedButton.m in Sources */,
				BC853079172E623500E35A0C /* UIImage+ColorAtPixel.m in Sources */,
			);
			runOnlyForDeploymentPostprocessing = 0;
		};
/* End PBXSourcesBuildPhase section */

/* Begin PBXVariantGroup section */
		BC848C6A171C26A2008F14E6 /* InfoPlist.strings */ = {
			isa = PBXVariantGroup;
			children = (
				BC848C6B171C26A2008F14E6 /* en */,
			);
			name = InfoPlist.strings;
			sourceTree = "<group>";
		};
/* End PBXVariantGroup section */

/* Begin XCBuildConfiguration section */
		BC848C82171C26A2008F14E6 /* Debug */ = {
			isa = XCBuildConfiguration;
			buildSettings = {
				ALWAYS_SEARCH_USER_PATHS = NO;
				CLANG_CXX_LANGUAGE_STANDARD = "gnu++0x";
				CLANG_CXX_LIBRARY = "libc++";
				CLANG_WARN_CONSTANT_CONVERSION = YES;
				CLANG_WARN_EMPTY_BODY = YES;
				CLANG_WARN_ENUM_CONVERSION = YES;
				CLANG_WARN_INT_CONVERSION = YES;
				CLANG_WARN__DUPLICATE_METHOD_MATCH = YES;
				"CODE_SIGN_IDENTITY[sdk=iphoneos*]" = "iPhone Developer";
				COPY_PHASE_STRIP = NO;
				GCC_C_LANGUAGE_STANDARD = gnu99;
				GCC_DYNAMIC_NO_PIC = NO;
				GCC_OPTIMIZATION_LEVEL = 0;
				GCC_PREPROCESSOR_DEFINITIONS = (
					"DEBUG=1",
					"$(inherited)",
				);
				GCC_SYMBOLS_PRIVATE_EXTERN = NO;
				GCC_WARN_ABOUT_RETURN_TYPE = YES;
				GCC_WARN_UNINITIALIZED_AUTOS = YES;
				GCC_WARN_UNUSED_VARIABLE = YES;
				IPHONEOS_DEPLOYMENT_TARGET = 6.1;
				ONLY_ACTIVE_ARCH = YES;
				SDKROOT = iphoneos;
				TARGETED_DEVICE_FAMILY = "1,2";
			};
			name = Debug;
		};
		BC848C83171C26A2008F14E6 /* Release */ = {
			isa = XCBuildConfiguration;
			buildSettings = {
				ALWAYS_SEARCH_USER_PATHS = NO;
				CLANG_CXX_LANGUAGE_STANDARD = "gnu++0x";
				CLANG_CXX_LIBRARY = "libc++";
				CLANG_WARN_CONSTANT_CONVERSION = YES;
				CLANG_WARN_EMPTY_BODY = YES;
				CLANG_WARN_ENUM_CONVERSION = YES;
				CLANG_WARN_INT_CONVERSION = YES;
				CLANG_WARN__DUPLICATE_METHOD_MATCH = YES;
				"CODE_SIGN_IDENTITY[sdk=iphoneos*]" = "iPhone Developer";
				COPY_PHASE_STRIP = YES;
				GCC_C_LANGUAGE_STANDARD = gnu99;
				GCC_WARN_ABOUT_RETURN_TYPE = YES;
				GCC_WARN_UNINITIALIZED_AUTOS = YES;
				GCC_WARN_UNUSED_VARIABLE = YES;
				IPHONEOS_DEPLOYMENT_TARGET = 6.1;
				OTHER_CFLAGS = "-DNS_BLOCK_ASSERTIONS=1";
				SDKROOT = iphoneos;
				TARGETED_DEVICE_FAMILY = "1,2";
				VALIDATE_PRODUCT = YES;
			};
			name = Release;
		};
		BC848C85171C26A2008F14E6 /* Debug */ = {
			isa = XCBuildConfiguration;
			buildSettings = {
				GCC_PRECOMPILE_PREFIX_HEADER = YES;
				GCC_PREFIX_HEADER = "Bible/Bible-Prefix.pch";
				INFOPLIST_FILE = "Bible/Bible-Info.plist";
				IPHONEOS_DEPLOYMENT_TARGET = 4.3;
				PRODUCT_NAME = "$(TARGET_NAME)";
				WRAPPER_EXTENSION = app;
			};
			name = Debug;
		};
		BC848C86171C26A2008F14E6 /* Release */ = {
			isa = XCBuildConfiguration;
			buildSettings = {
				GCC_PRECOMPILE_PREFIX_HEADER = YES;
				GCC_PREFIX_HEADER = "Bible/Bible-Prefix.pch";
				INFOPLIST_FILE = "Bible/Bible-Info.plist";
				IPHONEOS_DEPLOYMENT_TARGET = 4.3;
				PRODUCT_NAME = "$(TARGET_NAME)";
				WRAPPER_EXTENSION = app;
			};
			name = Release;
		};
/* End XCBuildConfiguration section */

/* Begin XCConfigurationList section */
		BC848C59171C26A2008F14E6 /* Build configuration list for PBXProject "Bible" */ = {
			isa = XCConfigurationList;
			buildConfigurations = (
				BC848C82171C26A2008F14E6 /* Debug */,
				BC848C83171C26A2008F14E6 /* Release */,
			);
			defaultConfigurationIsVisible = 0;
			defaultConfigurationName = Release;
		};
		BC848C84171C26A2008F14E6 /* Build configuration list for PBXNativeTarget "Bible" */ = {
			isa = XCConfigurationList;
			buildConfigurations = (
				BC848C85171C26A2008F14E6 /* Debug */,
				BC848C86171C26A2008F14E6 /* Release */,
			);
			defaultConfigurationIsVisible = 0;
			defaultConfigurationName = Release;
		};
/* End XCConfigurationList section */
	};
	rootObject = BC848C56171C26A2008F14E6 /* Project object */;
}
